<?xml version="1.0" encoding="utf-8"?>
<Project ToolsVersion="4.0" xmlns="http://schemas.microsoft.com/developer/msbuild/2003">
  <ItemGroup>
    <Filter Include="Assets">
      <UniqueIdentifier>3c15785b-1abe-49a3-875e-bdf46785eac5</UniqueIdentifier>
      <Extensions>ico;cur;bmp;dds;dlg;fbx;rct;bin;rgs;gif;jpg;jpeg;jpe;resx;tga;tiff;tif;png;wav;mfcribbon-ms</Extensions>
    </Filter>
    <Filter Include="Game">
      <UniqueIdentifier>{753c1820-3f61-4dab-8f17-14177d15e8fd}</UniqueIdentifier>
    </Filter>
    <Filter Include="Library">
      <UniqueIdentifier>{4788d01a-480b-41a1-bb08-a7a740246478}</UniqueIdentifier>
    </Filter>
    <Filter Include="Library\ImaseLib">
      <UniqueIdentifier>{94b1d4b8-7da2-48c4-80ed-c5c362eb0273}</UniqueIdentifier>
    </Filter>
    <Filter Include="Game\Common">
      <UniqueIdentifier>{c411c825-272e-480a-a8ea-e68494fd98ad}</UniqueIdentifier>
    </Filter>
    <Filter Include="Resources">
      <UniqueIdentifier>{f3beb44a-050c-4865-b462-745d7dfe3e44}</UniqueIdentifier>
    </Filter>
    <Filter Include="Resources\Json">
      <UniqueIdentifier>{214b9971-b8b9-41a1-a165-64224d879777}</UniqueIdentifier>
    </Filter>
    <Filter Include="Game\Scene">
      <UniqueIdentifier>{2212f73c-f28e-4929-bd0d-0661fd526f27}</UniqueIdentifier>
    </Filter>
    <Filter Include="Game\Wire">
      <UniqueIdentifier>{c0f01db9-594c-4bde-951e-a62b901355e5}</UniqueIdentifier>
    </Filter>
    <Filter Include="Game\Wire\IWireHolder">
      <UniqueIdentifier>{ca4d4ec7-42d3-45b1-a552-0a0f594117fa}</UniqueIdentifier>
    </Filter>
    <Filter Include="Game\Scene\LoadingScreen">
      <UniqueIdentifier>{996c5df4-0ff4-4ada-8b80-84bc8acfec29}</UniqueIdentifier>
    </Filter>
    <Filter Include="Library\MyLib">
      <UniqueIdentifier>{0750c968-a259-4251-89a0-66fa06be2a9d}</UniqueIdentifier>
    </Filter>
    <Filter Include="Library\MyLib\MathUtils">
      <UniqueIdentifier>{d7861fbd-49fa-4844-9afa-22d4041e4f9c}</UniqueIdentifier>
    </Filter>
    <Filter Include="Library\MyLib\Ray">
      <UniqueIdentifier>{938f804a-fe52-4eef-a6db-763ef24abb32}</UniqueIdentifier>
    </Filter>
    <Filter Include="Library\MyLib\EasingKit">
      <UniqueIdentifier>{309c2895-dce8-4223-ae54-d3107f09ac16}</UniqueIdentifier>
    </Filter>
    <Filter Include="Game\Common\UserInterfaceTool">
      <UniqueIdentifier>{2dda6c3c-a5a0-43dc-b15c-9e0793a65fce}</UniqueIdentifier>
    </Filter>
    <Filter Include="Game\Common\UserInterfaceTool\SpriteAnimator">
      <UniqueIdentifier>{bc72ada0-5ce7-4ae2-bdf2-b436300df333}</UniqueIdentifier>
    </Filter>
    <Filter Include="Game\Common\UserInterfaceTool\Sprite">
      <UniqueIdentifier>{700a1a9a-04fb-4c31-a5f4-5bacaebf7758}</UniqueIdentifier>
    </Filter>
    <Filter Include="Game\Common\UserInterfaceTool\Canvas">
      <UniqueIdentifier>{c0f0330c-9ac6-4efe-a4b5-f6f9d5c2bdcd}</UniqueIdentifier>
    </Filter>
    <Filter Include="Game\Common\Factory">
      <UniqueIdentifier>{17eb953a-ad76-48dd-991a-74522409ed20}</UniqueIdentifier>
    </Filter>
    <Filter Include="Game\Common\Factory\EnemyFactory">
      <UniqueIdentifier>{60952417-db2f-40d7-94f0-4829257f6124}</UniqueIdentifier>
    </Filter>
    <Filter Include="Game\GameObjects">
      <UniqueIdentifier>{c9c3a9ac-609e-46a2-9648-d4ceda332441}</UniqueIdentifier>
    </Filter>
    <Filter Include="Game\GameObjects\Common">
      <UniqueIdentifier>{54f47f4d-02f9-409f-be34-95f61cdf0ee1}</UniqueIdentifier>
    </Filter>
    <Filter Include="Game\GameObjects\Common\GameObject">
      <UniqueIdentifier>{f70e81f9-f1aa-4961-a030-540af33520b5}</UniqueIdentifier>
    </Filter>
    <Filter Include="Game\GameObjects\Common\GameObject\GameObjectEvent">
      <UniqueIdentifier>{194e6e6d-7d21-4dc9-bdf5-8c3385a65f1a}</UniqueIdentifier>
    </Filter>
    <Filter Include="Game\GameObjects\Common\MovableObject">
      <UniqueIdentifier>{267c1a50-31e6-42ba-83c4-963b812482cd}</UniqueIdentifier>
    </Filter>
    <Filter Include="Game\GameObjects\RopeObject">
      <UniqueIdentifier>{8bfa4007-7a35-48f1-83a4-8caebde6c91c}</UniqueIdentifier>
    </Filter>
    <Filter Include="Game\GameObjects\RopeObject\ParticleObject">
      <UniqueIdentifier>{d82888af-a624-4196-8a74-0001ec13de73}</UniqueIdentifier>
    </Filter>
    <Filter Include="Game\GameObjects\RopeObject\XPBDSimulator">
      <UniqueIdentifier>{df7f9a1e-142a-455c-9747-d9052f08b663}</UniqueIdentifier>
    </Filter>
    <Filter Include="Game\GameObjects\RopeObject\XPBDSimulator\SimParticle">
      <UniqueIdentifier>{f2e0db80-23aa-4bd0-ab63-b26b938218d7}</UniqueIdentifier>
    </Filter>
    <Filter Include="Game\GameObjects\RopeObject\XPBDSimulator\Constraint">
      <UniqueIdentifier>{c29e1a8d-969c-4dd3-b32d-1dc4497f1dda}</UniqueIdentifier>
    </Filter>
    <Filter Include="Game\GameObjects\RopeObject\XPBDSimulator\Constraint\CollisionConstraint">
      <UniqueIdentifier>{c7d1d405-bb3e-4000-8055-9e9dc0f5db88}</UniqueIdentifier>
    </Filter>
    <Filter Include="Game\GameObjects\Floor">
      <UniqueIdentifier>{f33db563-88c5-4227-81ca-4cee2a5713de}</UniqueIdentifier>
    </Filter>
    <Filter Include="Game\GameObjects\Wall">
      <UniqueIdentifier>{363ab8fd-52f5-4ee5-b33e-9b7722cb0073}</UniqueIdentifier>
    </Filter>
    <Filter Include="Game\GameObjects\Player">
      <UniqueIdentifier>{c5abe42e-bc41-4f3b-a191-f0ba09810722}</UniqueIdentifier>
    </Filter>
    <Filter Include="Game\GameObjects\Player\PlayerController">
      <UniqueIdentifier>{bfb32bb2-2f9d-41c1-ae19-2862f00d8fa8}</UniqueIdentifier>
    </Filter>
    <Filter Include="Game\GameObjects\Player\State">
      <UniqueIdentifier>{69df756a-7791-4c44-9536-66bb2f03a72a}</UniqueIdentifier>
    </Filter>
    <Filter Include="Game\GameObjects\Player\State\Idle">
      <UniqueIdentifier>{198b3420-6c3f-4cab-82b4-4d8fa30650be}</UniqueIdentifier>
    </Filter>
    <Filter Include="Game\GameObjects\Player\State\Walk">
      <UniqueIdentifier>{715d151f-3580-48ce-9b29-d7a738707bb2}</UniqueIdentifier>
    </Filter>
    <Filter Include="Game\GameObjects\Player\State\WireAction">
      <UniqueIdentifier>{af1b42ef-da7c-4876-969e-79fc0b0d272a}</UniqueIdentifier>
    </Filter>
    <Filter Include="Game\GameObjects\Player\State\WireGrabbing">
      <UniqueIdentifier>{173fa2be-9e98-4577-8481-382fa6b61b3b}</UniqueIdentifier>
    </Filter>
    <Filter Include="Game\GameObjects\Player\State\WireThrowing">
      <UniqueIdentifier>{9afb9a29-ba40-4ffb-9b5d-03f844f7d82b}</UniqueIdentifier>
    </Filter>
    <Filter Include="Game\GameObjects\Player\State\Jumping">
      <UniqueIdentifier>{9a1512ad-8793-468a-9c9f-2f24912a7c82}</UniqueIdentifier>
    </Filter>
    <Filter Include="Game\GameObjects\StageObject">
      <UniqueIdentifier>{ffe0059b-2390-49bf-9597-efc77849c415}</UniqueIdentifier>
    </Filter>
    <Filter Include="Game\GameObjects\StageObject\state">
      <UniqueIdentifier>{f61e6cd5-b08d-4eb7-973b-394c3e928e4f}</UniqueIdentifier>
    </Filter>
    <Filter Include="Game\GameObjects\StageObject\state\Idle">
      <UniqueIdentifier>{5eb7bef5-effa-4053-b103-315833a68eea}</UniqueIdentifier>
    </Filter>
    <Filter Include="Game\GameObjects\StageObject\state\Thrown">
      <UniqueIdentifier>{5022bfcd-aca0-454d-8153-51d85554a877}</UniqueIdentifier>
    </Filter>
    <Filter Include="Game\GameObjects\Enemy">
      <UniqueIdentifier>{0adf9c3f-6586-452b-986b-92b196a246b1}</UniqueIdentifier>
    </Filter>
    <Filter Include="Game\GameObjects\Enemy\Behaviour">
      <UniqueIdentifier>{549bbb6c-ad0b-48ce-b5f4-2cc81206ae8b}</UniqueIdentifier>
    </Filter>
    <Filter Include="Game\GameObjects\Enemy\Behaviour\EnemyDraw">
      <UniqueIdentifier>{c8a1c64a-4f78-4fe6-ae76-6e59c30b244d}</UniqueIdentifier>
    </Filter>
    <Filter Include="Game\GameObjects\Enemy\Behaviour\EnemyUpdateBehaviour">
      <UniqueIdentifier>{635b78d3-0d9e-4edf-9bbd-4e01377b308c}</UniqueIdentifier>
    </Filter>
    <Filter Include="Game\GameObjects\Enemy\Behaviour\EnemyUpdateBehaviour\TrackingEnemyBehaviour">
      <UniqueIdentifier>{8920243f-1c59-48a6-92f6-61d1440cea33}</UniqueIdentifier>
    </Filter>
    <Filter Include="Game\GameObjects\Enemy\Behaviour\EnemyInitializeBehaviour">
      <UniqueIdentifier>{ee7a3ed3-98b3-420c-94d3-17cd4161837b}</UniqueIdentifier>
    </Filter>
    <Filter Include="Game\GameObjects\Treasure">
      <UniqueIdentifier>{911628e0-531d-4acc-872a-90f4792849a8}</UniqueIdentifier>
    </Filter>
    <Filter Include="Game\GameObjects\Prop">
      <UniqueIdentifier>{0ce9c66d-12e5-44cb-ab9f-a0df7238bd9f}</UniqueIdentifier>
    </Filter>
    <Filter Include="Game\GameObjects\Prop\Buiding">
      <UniqueIdentifier>{39715305-8859-4c8c-bf5e-f7cbb7a43e28}</UniqueIdentifier>
    </Filter>
    <Filter Include="Game\GameObjects\Prop\Base">
      <UniqueIdentifier>{413aeac6-4fa6-47db-a61a-d648b0fbc936}</UniqueIdentifier>
    </Filter>
    <Filter Include="Game\GameObjects\Helicopter">
      <UniqueIdentifier>{a57dd5f8-afb8-4cf6-855f-51e7cc899aa0}</UniqueIdentifier>
    </Filter>
    <Filter Include="Game\GameObjects\Helicopter\EscapeHelicopter">
      <UniqueIdentifier>{5c7a63de-32bc-470d-9702-87a189b2fb0e}</UniqueIdentifier>
    </Filter>
    <Filter Include="Game\Scene\ResultScene">
      <UniqueIdentifier>{8e384476-e135-4fe5-8dd6-9c8cdc4ecf85}</UniqueIdentifier>
    </Filter>
    <Filter Include="Library\MyLib\DirectX">
      <UniqueIdentifier>{1a0d1a73-4e94-4afa-891b-48928e3e5983}</UniqueIdentifier>
    </Filter>
    <Filter Include="Library\MyLib\DirectX\DirectXMyToolKit">
      <UniqueIdentifier>{9a5093d7-650f-4151-9eb8-c8d2c59be597}</UniqueIdentifier>
    </Filter>
    <Filter Include="Library\MyLib\DirectX\DirectXMathUtils">
      <UniqueIdentifier>{07a44b2b-5cb9-4a70-a8dd-4278a85fe18c}</UniqueIdentifier>
    </Filter>
    <Filter Include="Game\GameObjects\Player\State\Step">
      <UniqueIdentifier>{e047a666-a0d0-4d19-ba5c-8f84f9706bfb}</UniqueIdentifier>
    </Filter>
    <Filter Include="Game\GameObjects\Enemy\Behaviour\EnemyUpdateBehaviour\FlyingChaserEnemyBehaviour">
      <UniqueIdentifier>{f51124f0-597a-4172-afa6-7d7cd515bf9b}</UniqueIdentifier>
    </Filter>
    <Filter Include="Library\DirectXFramework">
      <UniqueIdentifier>{aa72e129-9ff6-4686-bf2e-647cac25ba70}</UniqueIdentifier>
    </Filter>
    <Filter Include="Library\DirectXFramework\Animation">
      <UniqueIdentifier>{8d67a212-780c-4046-88ad-c342859c4107}</UniqueIdentifier>
    </Filter>
    <Filter Include="Game\UI">
      <UniqueIdentifier>{098eeadf-f79a-4dda-bcc3-bdd5df508c83}</UniqueIdentifier>
    </Filter>
    <Filter Include="Game\UI\Title">
      <UniqueIdentifier>{e455b863-7817-4082-8221-6e155fc57cdf}</UniqueIdentifier>
    </Filter>
    <Filter Include="Game\UI\Title\TitleMenu">
      <UniqueIdentifier>{f28c437f-3ee2-4f36-9b67-01999b97a1a6}</UniqueIdentifier>
    </Filter>
    <Filter Include="Resources\Shaders">
      <UniqueIdentifier>{281720a2-2be9-45b8-8e48-88646fbfa438}</UniqueIdentifier>
    </Filter>
    <Filter Include="Game\Scene\ResultScene\State">
      <UniqueIdentifier>{51daa942-91f6-474e-acd2-5e86603a7cd2}</UniqueIdentifier>
    </Filter>
    <Filter Include="Game\Scene\ResultScene\State\SuccessResultState">
      <UniqueIdentifier>{92af5a1a-c942-450c-ab36-b3e401dce650}</UniqueIdentifier>
    </Filter>
    <Filter Include="Game\Common\UserInterfaceTool\SpriteNumber">
      <UniqueIdentifier>{70c32a67-b143-4a4b-a5b2-cfa2ccce3da8}</UniqueIdentifier>
    </Filter>
    <Filter Include="Game\Common\UserInterfaceTool\TimeUI">
      <UniqueIdentifier>{5c91eb73-9133-4fbb-ac6c-25b83cf55476}</UniqueIdentifier>
    </Filter>
    <Filter Include="Game\Scene\ResultScene\State\FailureResultState">
      <UniqueIdentifier>{34d82a21-a6f4-4a31-92e9-e3d0e38fcfec}</UniqueIdentifier>
    </Filter>
    <Filter Include="Game\Scene\GameplayScene">
      <UniqueIdentifier>{cacf439b-0db1-4e3c-8e8a-8326faf1ca27}</UniqueIdentifier>
    </Filter>
    <Filter Include="Game\Scene\GameplayScene\State">
      <UniqueIdentifier>{01d88b22-a394-428a-a8be-e81333fdcae7}</UniqueIdentifier>
    </Filter>
    <Filter Include="Game\Scene\GameplayScene\State\Normal">
      <UniqueIdentifier>{e1f4c18a-8431-4113-97d5-03f7acea9d26}</UniqueIdentifier>
    </Filter>
    <Filter Include="Game\UI\Tutorial">
      <UniqueIdentifier>{37d69c62-8554-4820-83fc-477dad86986a}</UniqueIdentifier>
    </Filter>
    <Filter Include="Game\UI\Tutorial\TutorialWindow">
      <UniqueIdentifier>{4e91f0c4-ff4a-4191-9c2a-a44b49459049}</UniqueIdentifier>
    </Filter>
    <Filter Include="Game\Scene\TitleScene">
      <UniqueIdentifier>{f2285815-6ae4-4258-bde3-5a9d8f68fbc0}</UniqueIdentifier>
    </Filter>
    <Filter Include="Library\ImGui">
      <UniqueIdentifier>{5cd5f309-cc15-4981-bccc-ac9937f9266c}</UniqueIdentifier>
    </Filter>
    <Filter Include="Game\GameObjects\RopeObject\XPBDSimulator\Constraint\DistanceConstraint">
      <UniqueIdentifier>{81716a6e-9c74-45f3-a219-75968d971864}</UniqueIdentifier>
    </Filter>
    <Filter Include="Game\GameObjects\RopeObject\XPBDSimulator\Constraint\Factory">
      <UniqueIdentifier>{3a88915d-5138-4d28-9923-9061728f2ec4}</UniqueIdentifier>
    </Filter>
    <Filter Include="Game\GameObjects\RopeObject\XPBDSimulator\Constraint\Factory\Base">
      <UniqueIdentifier>{57c15223-3cf6-4f1e-b2df-9ecf4f644136}</UniqueIdentifier>
    </Filter>
    <Filter Include="Resources\Shaders\CircleShadow">
      <UniqueIdentifier>{c4d188cf-1282-453a-8db1-edfa827b6884}</UniqueIdentifier>
    </Filter>
    <Filter Include="Resources\Shaders\SimpleParticle">
      <UniqueIdentifier>{a17b6d63-9cc2-4e67-ad16-c6acbb66495f}</UniqueIdentifier>
    </Filter>
    <Filter Include="Game\GameObjects\Player\State\ShootingWire">
      <UniqueIdentifier>{ad123bb5-e8eb-4e96-ae11-9f3244d7e934}</UniqueIdentifier>
    </Filter>
    <Filter Include="Library\DirectXFramework\RenderTexture">
      <UniqueIdentifier>{bc3bbe25-a5bc-4c62-8045-e592aea70f44}</UniqueIdentifier>
    </Filter>
    <Filter Include="Library\MyLib\DirectX\DirectXMyToolKit\DepthStencil">
      <UniqueIdentifier>{ad9bcf56-61ab-4a18-8ab0-cf19cb86ebf2}</UniqueIdentifier>
    </Filter>
    <Filter Include="Game\GameObjects\Common\Transform">
      <UniqueIdentifier>{528291c6-64aa-4fdf-8aac-af24134e8f4c}</UniqueIdentifier>
    </Filter>
    <Filter Include="Resources\Shaders\SimpleShape2D">
      <UniqueIdentifier>{b6eed5a7-3f9f-48aa-bc77-036b76841129}</UniqueIdentifier>
    </Filter>
    <Filter Include="Resources\Shaders\SimpleShape2D\SimpleCircle">
      <UniqueIdentifier>{e54e2c28-a9bc-4e09-aebe-d5cc13700cdd}</UniqueIdentifier>
    </Filter>
    <Filter Include="Resources\Shaders\SimpleShape2D\SimpleRectangle">
      <UniqueIdentifier>{2edd200e-8352-4350-aba1-85137cf78756}</UniqueIdentifier>
    </Filter>
    <Filter Include="Library\MyLib\DirectX\DirectXMyToolKit\OffscreenRendering">
      <UniqueIdentifier>{bd3d026e-0487-4dc3-b375-38f8a3fbbc58}</UniqueIdentifier>
    </Filter>
    <Filter Include="Library\DirectXFramework\DeviceResources">
      <UniqueIdentifier>{e403de62-0d74-487e-ad0d-738008652b3c}</UniqueIdentifier>
    </Filter>
    <Filter Include="Library\DirectXFramework\StepTimer">
      <UniqueIdentifier>{108d6c97-4c25-4e69-9088-8e3d3fa28fc9}</UniqueIdentifier>
    </Filter>
    <Filter Include="Library\DirectXFramework\DebugDraw">
      <UniqueIdentifier>{e524dfcb-6961-463f-a1ef-4c3eb18e6960}</UniqueIdentifier>
    </Filter>
    <Filter Include="Library\MyLib\DirectX\DirectXMyToolKit\DebugFont">
      <UniqueIdentifier>{a28a22bc-b1ee-4456-b82a-f1a1cb1ea3e0}</UniqueIdentifier>
    </Filter>
    <Filter Include="Library\MyLib\DirectX\DirectXMyToolKit\DebugCamera">
      <UniqueIdentifier>{bdcf6751-da38-4bfa-a3ef-9e614a7afbcf}</UniqueIdentifier>
    </Filter>
    <Filter Include="Library\MyLib\DirectX\DirectXMyToolKit\GridFloor">
      <UniqueIdentifier>{6d6801eb-e803-4e3d-b95d-30cacfbc59ca}</UniqueIdentifier>
    </Filter>
    <Filter Include="Game\GameObjects\Checkpoint">
      <UniqueIdentifier>{8ae1e161-6d74-4f3b-a42e-d2cbbf33833b}</UniqueIdentifier>
    </Filter>
    <Filter Include="Library\MyLib\DirectX\DirectXMyToolKit\ModelPart">
      <UniqueIdentifier>{d3679e01-201b-4271-ba86-575ed2764fcb}</UniqueIdentifier>
    </Filter>
    <Filter Include="Game\GameObjects\Checkpoint\CheckpointObject">
      <UniqueIdentifier>{e2a5767a-b105-4aa5-8930-7eeb3837206e}</UniqueIdentifier>
    </Filter>
    <Filter Include="Game\Common\Factory\BuildingFactory">
      <UniqueIdentifier>{978c068c-8857-4fcf-b52b-ecc1e38f3487}</UniqueIdentifier>
    </Filter>
    <Filter Include="Game\Common\Factory\PlayerFactory">
      <UniqueIdentifier>{6232b302-e8f5-44fb-9875-31a26e0ae6e0}</UniqueIdentifier>
    </Filter>
    <Filter Include="Library\MyLib\NlohmannUtils">
      <UniqueIdentifier>{2e8cf36b-3e0a-46ff-8c3e-a1a3fe40ccfe}</UniqueIdentifier>
    </Filter>
    <Filter Include="Game\Common\Minimap">
      <UniqueIdentifier>{5b126132-1180-4e61-8614-23a99c9a404e}</UniqueIdentifier>
    </Filter>
    <Filter Include="Game\GameObjects\RopeObject\XPBDSimulator\Constraint\SteeringConstraint">
      <UniqueIdentifier>{723cbe91-ee7e-45d0-9023-a136156c3dad}</UniqueIdentifier>
    </Filter>
    <Filter Include="Resources\Shaders\FrustumCulling">
      <UniqueIdentifier>{79e9824a-f191-47a0-9920-4aa629466599}</UniqueIdentifier>
    </Filter>
    <Filter Include="Game\Common\Factory\CollisionMatrixFactory">
      <UniqueIdentifier>{35d9625c-8468-465f-a430-18ddd1ebab63}</UniqueIdentifier>
    </Filter>
    <Filter Include="Resources\Shaders\SceneFade">
      <UniqueIdentifier>{6f88e755-6a32-4c07-b984-1bc9f47b1f98}</UniqueIdentifier>
    </Filter>
    <Filter Include="Resources\Shaders\Minimap">
      <UniqueIdentifier>{b6f1848c-3cb4-4ae5-9e51-7bf1ac97df6b}</UniqueIdentifier>
    </Filter>
    <Filter Include="Resources\Shaders\SimpleShape2D\SimpleTriangle">
      <UniqueIdentifier>{59d69dbb-551e-40d7-8b65-c1f95944b592}</UniqueIdentifier>
    </Filter>
    <Filter Include="Resources\Shaders\ConcentrationLines">
      <UniqueIdentifier>{d030dff0-5e1f-4508-afff-b4a4a559e215}</UniqueIdentifier>
    </Filter>
    <Filter Include="Game\Common\Framework">
      <UniqueIdentifier>{57ddb608-c144-4dfd-b713-c308145c1579}</UniqueIdentifier>
    </Filter>
    <Filter Include="Game\Common\Framework\CommonResources">
      <UniqueIdentifier>{3cda07fa-605a-46ab-b132-5b8454faeb7c}</UniqueIdentifier>
    </Filter>
    <Filter Include="Game\Common\Framework\Input">
      <UniqueIdentifier>{7b1f3ae4-9dd5-4b84-93ab-a51b114a6e22}</UniqueIdentifier>
    </Filter>
    <Filter Include="Game\Common\Framework\TaskManager">
      <UniqueIdentifier>{ccb36434-55c4-46dc-8ddc-eb73595021b6}</UniqueIdentifier>
    </Filter>
    <Filter Include="Game\Common\Framework\StateMachine">
      <UniqueIdentifier>{e9b2cadc-68a2-4716-9b92-956e63848f4b}</UniqueIdentifier>
    </Filter>
    <Filter Include="Game\Common\Framework\StateMachine\StateBase">
      <UniqueIdentifier>{bfbaaa9e-2583-414b-b99f-c088c88c46c9}</UniqueIdentifier>
    </Filter>
    <Filter Include="Game\Common\Framework\GameObjectManager">
      <UniqueIdentifier>{e22ff40d-a8d0-43fd-9abe-e979fde922d5}</UniqueIdentifier>
    </Filter>
    <Filter Include="Game\Common\Framework\GameObjectManager\EnemyManager">
      <UniqueIdentifier>{17f18377-7943-4f50-9b8d-f0805a6e5406}</UniqueIdentifier>
    </Filter>
    <Filter Include="Game\Common\Framework\GameObjectManager\PlayerManager">
      <UniqueIdentifier>{e9529cf0-0b6d-473b-aa18-73b512d7b270}</UniqueIdentifier>
    </Filter>
    <Filter Include="Game\Common\Framework\GameObjectManager\CheckpointManager">
      <UniqueIdentifier>{9d53c497-ad9e-4ead-ad33-eddbaae131a4}</UniqueIdentifier>
    </Filter>
    <Filter Include="Game\Common\Framework\GameObjectManager\BuildingManager">
      <UniqueIdentifier>{f6e53160-7af8-4ef5-9feb-56261af68b54}</UniqueIdentifier>
    </Filter>
    <Filter Include="Game\Common\Framework\GameObjectRigstry">
      <UniqueIdentifier>{ac2ce316-9bf9-4d47-a92c-332d816c47e4}</UniqueIdentifier>
    </Filter>
    <Filter Include="Game\Common\Utillities">
      <UniqueIdentifier>{03db082b-6251-4fef-b561-cc63fb87c50e}</UniqueIdentifier>
    </Filter>
    <Filter Include="Game\Common\Utillities\ElapsedTimeCounter">
      <UniqueIdentifier>{57745ffd-4666-4009-932e-e33438e6017b}</UniqueIdentifier>
    </Filter>
    <Filter Include="Game\Common\Utillities\Collision">
      <UniqueIdentifier>{94bc4c09-8a59-43dc-93c8-822efbfd3909}</UniqueIdentifier>
    </Filter>
    <Filter Include="Game\Common\Utillities\Helper">
      <UniqueIdentifier>{6b0f68cb-4f13-44bc-9f9e-64514dce8b2c}</UniqueIdentifier>
    </Filter>
    <Filter Include="Game\Common\Utillities\Helper\MovementHelper">
      <UniqueIdentifier>{91f966ad-66da-4e8d-af51-f4e3dd8a311c}</UniqueIdentifier>
    </Filter>
    <Filter Include="Game\Common\Utillities\Helper\PhysicsHelper">
      <UniqueIdentifier>{24d9f605-a139-4464-bbc9-ffacc742029a}</UniqueIdentifier>
    </Filter>
    <Filter Include="Game\Common\Framework\EventSystem">
      <UniqueIdentifier>{7533c48b-9a29-43c7-b1a1-82b3398826f3}</UniqueIdentifier>
    </Filter>
    <Filter Include="Game\Common\Framework\EventSystem\EventData">
      <UniqueIdentifier>{fb697ac8-aca1-4962-9a78-f52d0b9c13ce}</UniqueIdentifier>
    </Filter>
    <Filter Include="Game\Common\Framework\Event">
      <UniqueIdentifier>{8fe2de6b-a963-4152-bfd7-fce6672825dc}</UniqueIdentifier>
    </Filter>
    <Filter Include="Game\Common\Framework\Event\Messenger">
      <UniqueIdentifier>{c7a05560-188c-4312-a673-028fd922ba03}</UniqueIdentifier>
    </Filter>
    <Filter Include="Game\Common\Framework\Event\Messenger\GameFlowMessenger">
      <UniqueIdentifier>{f6ce8e01-c388-48d0-83fc-83ec6de84fc2}</UniqueIdentifier>
    </Filter>
    <Filter Include="Game\Common\Framework\Event\WireSystemObserver">
      <UniqueIdentifier>{d350735a-9131-4ede-b52a-4bef2e6db252}</UniqueIdentifier>
    </Filter>
    <Filter Include="Game\Common\Framework\ResourceManager">
      <UniqueIdentifier>{b190d457-4f9f-49ba-b20c-050bf86bb5da}</UniqueIdentifier>
    </Filter>
    <Filter Include="Game\Common\Framework\SoundManager">
      <UniqueIdentifier>{0fbdd8a4-dfce-49e9-8d0c-a4f82b5a35bd}</UniqueIdentifier>
    </Filter>
    <Filter Include="Game\Common\Factory\InputFactory">
      <UniqueIdentifier>{5d28ac96-061f-4128-b6f8-0db75ae3297c}</UniqueIdentifier>
    </Filter>
    <Filter Include="Game\Common\Database">
      <UniqueIdentifier>{99cb4a00-241a-49ee-a9aa-067150fa99ec}</UniqueIdentifier>
    </Filter>
    <Filter Include="Game\Common\Graphics">
      <UniqueIdentifier>{cde69518-efab-4979-a05d-63e3d4426a79}</UniqueIdentifier>
    </Filter>
    <Filter Include="Game\Common\Graphics\SimpleModel">
      <UniqueIdentifier>{0a0ffa62-2736-49ca-8d8a-cc55d851fc0e}</UniqueIdentifier>
    </Filter>
    <Filter Include="Game\Common\Graphics\Camera">
      <UniqueIdentifier>{92763380-9cc3-4a8d-b399-ca343a8b4bb9}</UniqueIdentifier>
    </Filter>
    <Filter Include="Game\Common\Graphics\Camera\PlayerCamera">
      <UniqueIdentifier>{a69c482d-dff2-4093-b10c-460ba420f595}</UniqueIdentifier>
    </Filter>
    <Filter Include="Game\Common\Graphics\Camera\MainCamera">
      <UniqueIdentifier>{9cd33b05-336a-4591-9ae6-074cd3bc2a78}</UniqueIdentifier>
    </Filter>
    <Filter Include="Game\Common\Graphics\GameEffect">
      <UniqueIdentifier>{20ad6956-f2ab-4d5f-9db1-5e8c2d91efb2}</UniqueIdentifier>
    </Filter>
    <Filter Include="Game\Common\Graphics\GameEffect\Base">
      <UniqueIdentifier>{b3c07baa-e5b0-4219-ac00-46a047379b59}</UniqueIdentifier>
    </Filter>
    <Filter Include="Game\Common\Graphics\GameEffect\Effects">
      <UniqueIdentifier>{81b7ddaf-d91e-44b2-a797-922dfdf9e832}</UniqueIdentifier>
    </Filter>
    <Filter Include="Game\Common\Graphics\GameEffect\Effects\2D">
      <UniqueIdentifier>{1e3805e4-cb52-4054-94be-e5f5e80e27b2}</UniqueIdentifier>
    </Filter>
    <Filter Include="Game\Common\Graphics\GameEffect\Effects\3D">
      <UniqueIdentifier>{df33d24a-4ea0-4cd8-a17a-23586ef28ad5}</UniqueIdentifier>
    </Filter>
    <Filter Include="Game\Common\Graphics\Line2D">
      <UniqueIdentifier>{6a75d583-f749-4f93-b3d0-65c284ba35c5}</UniqueIdentifier>
    </Filter>
    <Filter Include="Game\Common\Graphics\TransitionMask">
      <UniqueIdentifier>{1b63ac83-b748-4d29-b9db-e109526e4308}</UniqueIdentifier>
    </Filter>
    <Filter Include="Game\Common\Graphics\Shadow">
      <UniqueIdentifier>{6c1af544-1094-4b6b-af8f-a4785893eb97}</UniqueIdentifier>
    </Filter>
    <Filter Include="Game\Common\Graphics\Shadow\CircularShadow">
      <UniqueIdentifier>{06d463d4-0450-4e70-867f-62fc965f9ae9}</UniqueIdentifier>
    </Filter>
    <Filter Include="Game\UI\Pause">
      <UniqueIdentifier>{b51c0a58-97dc-4f59-9a23-25b0ff53f2f0}</UniqueIdentifier>
    </Filter>
    <Filter Include="Game\UI\Pause\PauseMenu">
      <UniqueIdentifier>{290bf7b7-fde3-4df5-9174-ecb5fe3f350c}</UniqueIdentifier>
    </Filter>
    <Filter Include="Game\Scene\GameplayScene\State\Pause">
      <UniqueIdentifier>{ffc0fc77-e56d-457f-aecd-0e36faaafdab}</UniqueIdentifier>
    </Filter>
    <Filter Include="Game\Common\GameplayLogic">
      <UniqueIdentifier>{e1641f2a-80f6-4643-b5d5-a973a03530c3}</UniqueIdentifier>
    </Filter>
    <Filter Include="Game\Common\GameplayLogic\Behaviour">
      <UniqueIdentifier>{3b2469f0-bc4c-44c0-91b6-f4d57868b62e}</UniqueIdentifier>
    </Filter>
    <Filter Include="Game\Common\GameplayLogic\GameDirector">
      <UniqueIdentifier>{bb3178ef-78d9-4c1e-b37f-f5e1b405c2ad}</UniqueIdentifier>
    </Filter>
    <Filter Include="Game\Common\GameplayLogic\SpawnManager">
      <UniqueIdentifier>{3b993bdf-c799-4b74-b635-ebb1f79f9413}</UniqueIdentifier>
    </Filter>
    <Filter Include="Game\Common\GameplayLogic\GameProgressData">
      <UniqueIdentifier>{d4180116-d967-4e68-af8e-8b0e33d5ef8b}</UniqueIdentifier>
    </Filter>
    <Filter Include="Game\Common\GameplayLogic\StageManager">
      <UniqueIdentifier>{14387b5c-ae5b-480c-8151-48ce7309d821}</UniqueIdentifier>
    </Filter>
    <Filter Include="Game\Common\GameplayLogic\WireTargetFinder">
      <UniqueIdentifier>{11eb867a-005c-47f8-b03a-83d0841f7c54}</UniqueIdentifier>
    </Filter>
    <Filter Include="Game\Common\GameplayLogic\ExitController">
      <UniqueIdentifier>{f5d2ab48-831a-401b-8320-0706aa8113e7}</UniqueIdentifier>
    </Filter>
    <Filter Include="Game\Common\GameplayLogic\ResultData">
      <UniqueIdentifier>{6cb8f038-3210-4c03-80d7-7d397b98cee4}</UniqueIdentifier>
    </Filter>
    <Filter Include="Game\Common\Graphics\GameEffect\Interface">
      <UniqueIdentifier>{8c1aac98-1703-413d-9ebf-78e6a9f2d5af}</UniqueIdentifier>
    </Filter>
    <Filter Include="Game\Scene\GameplayScene\State\Starting">
      <UniqueIdentifier>{5784dc21-179b-41e6-a706-b155ea93d521}</UniqueIdentifier>
    </Filter>
    <Filter Include="Game\Common\Utillities\DxTween">
      <UniqueIdentifier>{6b714247-f64a-4644-aa87-7fbc5749b251}</UniqueIdentifier>
    </Filter>
    <Filter Include="Game\Common\UserInterfaceTool\InputDeviceSpriteResolver">
      <UniqueIdentifier>{2168a2a1-ddc7-4afe-ad0c-904b6557dc9a}</UniqueIdentifier>
    </Filter>
    <Filter Include="Game\Common\Framework\Input\InputActionMap">
      <UniqueIdentifier>{6e338503-610d-4be3-8c93-b6e1e2b76954}</UniqueIdentifier>
    </Filter>
    <Filter Include="Game\UI\Gameplay">
      <UniqueIdentifier>{bc7e5146-5d38-4059-a9bd-5a8b9c329109}</UniqueIdentifier>
    </Filter>
    <Filter Include="Game\Common\GameplayLogic\PauseNavigator">
      <UniqueIdentifier>{585e5f47-0621-490e-afee-a8e6565c6f39}</UniqueIdentifier>
    </Filter>
    <Filter Include="Game\UI\Gameplay\PauseGuideUI">
      <UniqueIdentifier>{2f3d08d1-a1c2-4020-ba6c-7c0c59a4186c}</UniqueIdentifier>
    </Filter>
    <Filter Include="Game\Common\Framework\Input\InputSystem">
      <UniqueIdentifier>{d714962d-11ec-4bad-95b7-222a44019061}</UniqueIdentifier>
    </Filter>
    <Filter Include="Game\Common\Utillities\Collision\ColliderDraw">
      <UniqueIdentifier>{7d01f3e1-8118-47c4-841a-6b4f5baa62b7}</UniqueIdentifier>
    </Filter>
    <Filter Include="Game\Common\Framework\Collision">
      <UniqueIdentifier>{0c87a3cb-f38f-457a-8021-4c1d2fc57807}</UniqueIdentifier>
    </Filter>
    <Filter Include="Game\Common\Framework\Collision\CollisionMatrix">
      <UniqueIdentifier>{6d6c8f23-a426-4a1a-a39c-1b6a26219de0}</UniqueIdentifier>
    </Filter>
    <Filter Include="Game\Common\Framework\Collision\CollisionDispatcher">
      <UniqueIdentifier>{982cbac2-c08a-4267-8a35-0093cc46c32a}</UniqueIdentifier>
    </Filter>
    <Filter Include="Game\Common\Framework\Collision\CollisionManager">
      <UniqueIdentifier>{f5cf191d-ae94-4e1b-b468-77e553e983ba}</UniqueIdentifier>
    </Filter>
    <Filter Include="Game\Common\Framework\Collision\CollisionManager\CollisionDetectionWorker">
      <UniqueIdentifier>{40627ede-a6dc-4704-8187-382613d3ec26}</UniqueIdentifier>
    </Filter>
    <Filter Include="Game\Common\Framework\Collision\CollisionManager\CollisionTypes">
      <UniqueIdentifier>{dcbbfefb-0971-4854-8460-fc9db94276bc}</UniqueIdentifier>
    </Filter>
  </ItemGroup>
  <ItemGroup>
    <ClInclude Include="pch.h" />
    <ClInclude Include="StepTimer.h" />
    <ClInclude Include="Game\Game.h">
      <Filter>Game</Filter>
    </ClInclude>
    <ClInclude Include="Game\GameObjects\Common\GameObject.h">
      <Filter>Game\GameObjects\Common\GameObject</Filter>
    </ClInclude>
    <ClInclude Include="Game\GameObjects\Common\MovableObject\MovableObject.h">
      <Filter>Game\GameObjects\Common\MovableObject</Filter>
    </ClInclude>
    <ClInclude Include="Game\GameObjects\RopeObject\ParticleObject\ParticleObject.h">
      <Filter>Game\GameObjects\RopeObject\ParticleObject</Filter>
    </ClInclude>
    <ClInclude Include="Game\GameObjects\RopeObject\XPBDSimulator\SimParticle\SimParticle.h">
      <Filter>Game\GameObjects\RopeObject\XPBDSimulator\SimParticle</Filter>
    </ClInclude>
    <ClInclude Include="Game\GameObjects\RopeObject\RopeObject.h">
      <Filter>Game\GameObjects\RopeObject</Filter>
    </ClInclude>
    <ClInclude Include="Game\GameObjects\RopeObject\XPBDSimulator\XPBDSimulator.h">
      <Filter>Game\GameObjects\RopeObject\XPBDSimulator</Filter>
    </ClInclude>
    <ClInclude Include="Game\GameObjects\Floor\Floor.h">
      <Filter>Game\GameObjects\Floor</Filter>
    </ClInclude>
    <ClInclude Include="Game\GameObjects\Wall\Wall.h">
      <Filter>Game\GameObjects\Wall</Filter>
    </ClInclude>
    <ClInclude Include="Game\GameObjects\Player\Player.h">
      <Filter>Game\GameObjects\Player</Filter>
    </ClInclude>
    <ClInclude Include="Game\GameObjects\Player\PlayerController\PlayerController.h">
      <Filter>Game\GameObjects\Player\PlayerController</Filter>
    </ClInclude>
    <ClInclude Include="Game\Common\Screen.h">
      <Filter>Game\Common</Filter>
    </ClInclude>
    <ClInclude Include="Game\GameObjects\Player\State\IdlePlayerState\IdlePlayerState.h">
      <Filter>Game\GameObjects\Player\State\Idle</Filter>
    </ClInclude>
    <ClInclude Include="Game\GameObjects\Player\State\WalkPlayerState\WalkPlayerState.h">
      <Filter>Game\GameObjects\Player\State\Walk</Filter>
    </ClInclude>
    <ClInclude Include="Game\GameObjects\Player\State\WireActionPlayerState\WireActionPlayerState.h">
      <Filter>Game\GameObjects\Player\State\WireAction</Filter>
    </ClInclude>
    <ClInclude Include="Library\DebugHelper.h">
      <Filter>Library</Filter>
    </ClInclude>
    <ClInclude Include="Game\GameObjects\StageObject\StageObject.h">
      <Filter>Game\GameObjects\StageObject</Filter>
    </ClInclude>
    <ClInclude Include="Game\GameObjects\StageObject\State\IdleStageObjectState.h">
      <Filter>Game\GameObjects\StageObject\state\Idle</Filter>
    </ClInclude>
    <ClInclude Include="Game\GameObjects\Player\State\WireGrabbingPlayerState\WireGrabbingPlayerState.cpp.h">
      <Filter>Game\GameObjects\Player\State\WireGrabbing</Filter>
    </ClInclude>
    <ClInclude Include="Game\GameObjects\Player\State\WireThrowing\WireThrowingPlayerState.cpp.h">
      <Filter>Game\GameObjects\Player\State\WireThrowing</Filter>
    </ClInclude>
    <ClInclude Include="Game\GameObjects\Wire\Wire.h">
      <Filter>Game\Wire</Filter>
    </ClInclude>
    <ClInclude Include="Game\GameObjects\Wire\IWireHolder\IWireHolder.h">
      <Filter>Game\Wire\IWireHolder</Filter>
    </ClInclude>
    <ClInclude Include="Game\GameObjects\StageObject\State\ThrownStageObjectState\ThrownStageObjectState.h">
      <Filter>Game\GameObjects\StageObject\state\Thrown</Filter>
    </ClInclude>
    <ClInclude Include="Game\GameObjects\Common\GameObjectEvent\GameObjectEvent.h">
      <Filter>Game\GameObjects\Common\GameObject\GameObjectEvent</Filter>
    </ClInclude>
    <ClInclude Include="Game\GameObjects\RopeObject\XPBDSimulator\Constraint\IConstraint.h">
      <Filter>Game\GameObjects\RopeObject\XPBDSimulator\Constraint</Filter>
    </ClInclude>
    <ClInclude Include="Game\GameObjects\RopeObject\XPBDSimulator\Constraint\CollisionConstraint\CollisionConstraint.h">
      <Filter>Game\GameObjects\RopeObject\XPBDSimulator\Constraint\CollisionConstraint</Filter>
    </ClInclude>
    <ClInclude Include="Game\GameObjects\Enemy\Enemy.h">
      <Filter>Game\GameObjects\Enemy</Filter>
    </ClInclude>
    <ClInclude Include="Game\GameObjects\Enemy\IEnemy.h">
      <Filter>Game\GameObjects\Enemy</Filter>
    </ClInclude>
    <ClInclude Include="Game\Scene\Loading\LoadingScreen.h">
      <Filter>Game\Scene\LoadingScreen</Filter>
    </ClInclude>
    <ClInclude Include="Library\MyLib\EasingKit\EasingKit.h">
      <Filter>Library\MyLib\EasingKit</Filter>
    </ClInclude>
    <ClInclude Include="Library\MyLib\DirectXMathUtils\DirectXMathUtils.h">
      <Filter>Library\MyLib\DirectX\DirectXMathUtils</Filter>
    </ClInclude>
    <ClInclude Include="Library\MyLib\MathUtils\MathUtils.h">
      <Filter>Library\MyLib\MathUtils</Filter>
    </ClInclude>
    <ClInclude Include="Library\MyLib\Ray\Ray.h">
      <Filter>Library\MyLib\Ray</Filter>
    </ClInclude>
    <ClInclude Include="Game\GameObjects\Player\State\JumpingPlayerState\JumpingPlayerState.h">
      <Filter>Game\GameObjects\Player\State\Jumping</Filter>
    </ClInclude>
    <ClInclude Include="Game\GameObjects\Enemy\Behaviour\Update\IEnemyUpdateBehaviour.h">
      <Filter>Game\GameObjects\Enemy\Behaviour\EnemyUpdateBehaviour</Filter>
    </ClInclude>
    <ClInclude Include="Game\GameObjects\Enemy\Behaviour\Draw\IEnemyDraw.h">
      <Filter>Game\GameObjects\Enemy\Behaviour\EnemyDraw</Filter>
    </ClInclude>
    <ClInclude Include="Game\GameObjects\Enemy\Behaviour\Initialize\IEnemyInitializeBehaviour.h">
      <Filter>Game\GameObjects\Enemy\Behaviour\EnemyInitializeBehaviour</Filter>
    </ClInclude>
    <ClInclude Include="Game\GameObjects\Enemy\Behaviour\Update\TrackingEnemyBehaviour\TrackingEnemyBehaviour.h">
      <Filter>Game\GameObjects\Enemy\Behaviour\EnemyUpdateBehaviour\TrackingEnemyBehaviour</Filter>
    </ClInclude>
    <ClInclude Include="Game\GameObjects\Treasure\Treasure.h">
      <Filter>Game\GameObjects\Treasure</Filter>
    </ClInclude>
    <ClInclude Include="Game\Common\UserInterfaceTool\Canvas\Canvas.h">
      <Filter>Game\Common\UserInterfaceTool\Canvas</Filter>
    </ClInclude>
    <ClInclude Include="Game\Common\UserInterfaceTool\Sprite\ISprite2D.h">
      <Filter>Game\Common\UserInterfaceTool\Sprite</Filter>
    </ClInclude>
    <ClInclude Include="Game\Common\UserInterfaceTool\Sprite\Sprite.h">
      <Filter>Game\Common\UserInterfaceTool\Sprite</Filter>
    </ClInclude>
    <ClInclude Include="Game\Common\UserInterfaceTool\SpriteAnimator\SpriteAnimator.h">
      <Filter>Game\Common\UserInterfaceTool\SpriteAnimator</Filter>
    </ClInclude>
    <ClInclude Include="Game\Common\Factory\EnemyFactory\IEnemyFactory\IEnemyFactory.h">
      <Filter>Game\Common\Factory\EnemyFactory</Filter>
    </ClInclude>
    <ClInclude Include="Game\Common\Factory\EnemyFactory\EnemyFactory.h">
      <Filter>Game\Common\Factory\EnemyFactory</Filter>
    </ClInclude>
    <ClInclude Include="Game\GameObjects\Prop\Base\IProp.h">
      <Filter>Game\GameObjects\Prop\Base</Filter>
    </ClInclude>
    <ClInclude Include="Game\GameObjects\Prop\Base\Prop.h">
      <Filter>Game\GameObjects\Prop\Base</Filter>
    </ClInclude>
    <ClInclude Include="Game\GameObjects\Prop\Building\Building.h">
      <Filter>Game\GameObjects\Prop\Buiding</Filter>
    </ClInclude>
    <ClInclude Include="Game\GameObjects\Helicopter\EscapeHelicopter\EscapeHelicopter.h">
      <Filter>Game\GameObjects\Helicopter\EscapeHelicopter</Filter>
    </ClInclude>
    <ClInclude Include="Game\Scene\ResultScene\ResultScene.h">
      <Filter>Game\Scene\ResultScene</Filter>
    </ClInclude>
    <ClInclude Include="Library\MyLib\DirectXMyToolKit\DirectXUtils.h">
      <Filter>Library\MyLib\DirectX\DirectXMyToolKit</Filter>
    </ClInclude>
    <ClInclude Include="Game\GameObjects\Player\State\SteppingPlayerState\SteppingPlayerState.h">
      <Filter>Game\GameObjects\Player\State\Step</Filter>
    </ClInclude>
    <ClInclude Include="Game\GameObjects\Enemy\Behaviour\Update\FlyingChaserEnemyBehaviour\FlyingChaserEnemyBehaviour.h">
      <Filter>Game\GameObjects\Enemy\Behaviour\EnemyUpdateBehaviour\FlyingChaserEnemyBehaviour</Filter>
    </ClInclude>
    <ClInclude Include="Library\DirectXFramework\Animation.h">
      <Filter>Library\DirectXFramework\Animation</Filter>
    </ClInclude>
    <ClInclude Include="Game\UI\Title\TitleMenu\TitleMenu.h">
      <Filter>Game\UI\Title\TitleMenu</Filter>
    </ClInclude>
    <ClInclude Include="Game\Scene\ResultScene\State\SuccessResultState\SuccessResultState.h">
      <Filter>Game\Scene\ResultScene\State\SuccessResultState</Filter>
    </ClInclude>
    <ClInclude Include="Game\Common\UserInterfaceTool\SpriteNumber\SpriteNumber.h">
      <Filter>Game\Common\UserInterfaceTool\SpriteNumber</Filter>
    </ClInclude>
    <ClInclude Include="Game\Common\UserInterfaceTool\TimeUI\TimeUI.h">
      <Filter>Game\Common\UserInterfaceTool\TimeUI</Filter>
    </ClInclude>
    <ClInclude Include="Game\Scene\ResultScene\State\FailureResultState\FailureResultState.h">
      <Filter>Game\Scene\ResultScene\State\FailureResultState</Filter>
    </ClInclude>
    <ClInclude Include="Game\Scene\GameplayScene\GameplayScene.h">
      <Filter>Game\Scene\GameplayScene</Filter>
    </ClInclude>
    <ClInclude Include="Game\Scene\GameplayScene\State\NormalGameplayState\NormalGameplayState.h">
      <Filter>Game\Scene\GameplayScene\State\Normal</Filter>
    </ClInclude>
    <ClInclude Include="Game\Scene\GameplayScene\State\PoseGameplayState\PauseGameplayState.h">
      <Filter>Game\Scene\GameplayScene\State\Pause</Filter>
    </ClInclude>
    <ClInclude Include="Game\UI\Pose\PoseMenu\PauseMenu.h">
      <Filter>Game\UI\Pause\PauseMenu</Filter>
    </ClInclude>
    <ClInclude Include="Game\UI\TutorialWindow\TutorialWindow.h">
      <Filter>Game\UI\Tutorial\TutorialWindow</Filter>
    </ClInclude>
    <ClInclude Include="Game\Scene\TitleScene\TitleScene.h">
      <Filter>Game\Scene\TitleScene</Filter>
    </ClInclude>
    <ClInclude Include="Library\ImGui\imconfig.h">
      <Filter>Library\ImGui</Filter>
    </ClInclude>
    <ClInclude Include="Library\ImGui\imgui.h">
      <Filter>Library\ImGui</Filter>
    </ClInclude>
    <ClInclude Include="Library\ImGui\imgui_internal.h">
      <Filter>Library\ImGui</Filter>
    </ClInclude>
    <ClInclude Include="Library\ImGui\imstb_rectpack.h">
      <Filter>Library\ImGui</Filter>
    </ClInclude>
    <ClInclude Include="Library\ImGui\imstb_textedit.h">
      <Filter>Library\ImGui</Filter>
    </ClInclude>
    <ClInclude Include="Library\ImGui\imstb_truetype.h">
      <Filter>Library\ImGui</Filter>
    </ClInclude>
    <ClInclude Include="Library\ImGui\imgui_impl_dx11.h">
      <Filter>Library\ImGui</Filter>
    </ClInclude>
    <ClInclude Include="Library\ImGui\imgui_impl_win32.h">
      <Filter>Library\ImGui</Filter>
    </ClInclude>
    <ClInclude Include="Game\GameObjects\RopeObject\XPBDSimulator\Constraint\DistanceConstraint\DistanceConstraint.h">
      <Filter>Game\GameObjects\RopeObject\XPBDSimulator\Constraint\DistanceConstraint</Filter>
    </ClInclude>
    <ClInclude Include="Game\GameObjects\RopeObject\XPBDSimulator\Constraint\ConstraintFactory.h">
      <Filter>Game\GameObjects\RopeObject\XPBDSimulator\Constraint\Factory\Base</Filter>
    </ClInclude>
    <ClInclude Include="Game\GameObjects\RopeObject\XPBDSimulator\Constraint\DistanceConstraint\DistanceConstraintFactory.h">
      <Filter>Game\GameObjects\RopeObject\XPBDSimulator\Constraint\Factory</Filter>
    </ClInclude>
    <ClInclude Include="Game\GameObjects\RopeObject\XPBDSimulator\Constraint\CollisionConstraint\CollisionConstraintFactory.h">
      <Filter>Game\GameObjects\RopeObject\XPBDSimulator\Constraint\Factory</Filter>
    </ClInclude>
    <ClInclude Include="Game\GameObjects\Player\State\ShootingWireState\ShootingWirePlayerState.h">
      <Filter>Game\GameObjects\Player\State\ShootingWire</Filter>
    </ClInclude>
    <ClInclude Include="Library\DirectXFramework\RenderTexture.h">
      <Filter>Library\DirectXFramework\RenderTexture</Filter>
    </ClInclude>
    <ClInclude Include="Library\MyLib\DirectXMyToolKit\DepthStencil\DepthStencil.h">
      <Filter>Library\MyLib\DirectX\DirectXMyToolKit\DepthStencil</Filter>
    </ClInclude>
    <ClInclude Include="Game\GameObjects\Common\Transform\Transform.h">
      <Filter>Game\GameObjects\Common\Transform</Filter>
    </ClInclude>
    <ClInclude Include="Library\MyLib\DirectXMyToolKit\OffscreenRendering\OffscreenRendering.h">
      <Filter>Library\MyLib\DirectX\DirectXMyToolKit\OffscreenRendering</Filter>
    </ClInclude>
    <ClInclude Include="Library\DirectXFramework\DeviceResources.h">
      <Filter>Library\DirectXFramework\DeviceResources</Filter>
    </ClInclude>
    <ClInclude Include="Library\DirectXFramework\StepTimer.h">
      <Filter>Library\DirectXFramework\StepTimer</Filter>
    </ClInclude>
    <ClInclude Include="Library\DirectXFramework\DebugDraw.h">
      <Filter>Library\DirectXFramework\DebugDraw</Filter>
    </ClInclude>
    <ClInclude Include="Library\MyLib\DirectXMyToolKit\DebugCamera\DebugCamera.h">
      <Filter>Library\MyLib\DirectX\DirectXMyToolKit\DebugCamera</Filter>
    </ClInclude>
    <ClInclude Include="Library\MyLib\DirectXMyToolKit\DebugFont\DebugFont.h">
      <Filter>Library\MyLib\DirectX\DirectXMyToolKit\DebugFont</Filter>
    </ClInclude>
    <ClInclude Include="Library\MyLib\DirectXMyToolKit\GridFloor\GridFloor.h">
      <Filter>Library\MyLib\DirectX\DirectXMyToolKit\GridFloor</Filter>
    </ClInclude>
    <ClInclude Include="Game\GameObjects\CheckPoint\Checkpoint.h">
      <Filter>Game\GameObjects\Checkpoint</Filter>
    </ClInclude>
    <ClInclude Include="Library\MyLib\DirectXMyToolKit\ModelPart\ModelPart.h">
      <Filter>Library\MyLib\DirectX\DirectXMyToolKit\ModelPart</Filter>
    </ClInclude>
    <ClInclude Include="Game\GameObjects\CheckPoint\CheckpointObject\CheckpointObject.h">
      <Filter>Game\GameObjects\Checkpoint\CheckpointObject</Filter>
    </ClInclude>
    <ClInclude Include="Game\Common\Factory\FactoryBase.h">
      <Filter>Game\Common\Factory</Filter>
    </ClInclude>
    <ClInclude Include="Game\Common\Factory\BuildingFactory\BuildingFactory.h">
      <Filter>Game\Common\Factory\BuildingFactory</Filter>
    </ClInclude>
    <ClInclude Include="Game\Common\Factory\PlayerFactory\PlayerFactory.h">
      <Filter>Game\Common\Factory\PlayerFactory</Filter>
    </ClInclude>
    <ClInclude Include="Library\MyLib\NlohmannUtils\NlohmannUtils.h">
      <Filter>Library\MyLib\NlohmannUtils</Filter>
    </ClInclude>
    <ClInclude Include="Game\Common\Minimap\Minimap.h">
      <Filter>Game\Common\Minimap</Filter>
    </ClInclude>
    <ClInclude Include="Game\GameObjects\RopeObject\XPBDSimulator\Constraint\SteeringConstraint\SteeringConstraint.h">
      <Filter>Game\GameObjects\RopeObject\XPBDSimulator\Constraint\SteeringConstraint</Filter>
    </ClInclude>
    <ClInclude Include="Game\GameObjects\RopeObject\XPBDSimulator\Constraint\SteeringConstraint\SteeringConstraintFactory.h">
      <Filter>Game\GameObjects\RopeObject\XPBDSimulator\Constraint\Factory</Filter>
    </ClInclude>
    <ClInclude Include="Game\Common\Factory\CollisionMatrixFactory\CollisionMatrixFactory.h">
      <Filter>Game\Common\Factory\CollisionMatrixFactory</Filter>
    </ClInclude>
    <ClInclude Include="Game\Common\Database\SoundDatabase.h">
      <Filter>Game\Common\Database</Filter>
    </ClInclude>
    <ClInclude Include="Game\Common\Database\TextureDatabase.h">
      <Filter>Game\Common\Database</Filter>
    </ClInclude>
    <ClInclude Include="Game\Common\Database\PlayerParameter.h">
      <Filter>Game\Common\Database</Filter>
    </ClInclude>
    <ClInclude Include="Game\Common\Factory\InputBindingFactory\InputBindingFactory.h">
      <Filter>Game\Common\Factory\InputFactory</Filter>
    </ClInclude>
    <ClInclude Include="Game\Common\Framework\CommonResources\CommonResources.h">
      <Filter>Game\Common\Framework\CommonResources</Filter>
    </ClInclude>
    <ClInclude Include="Game\Common\Framework\Event\Messenger\GameFlowMessenger\GameFlowEventID.h">
      <Filter>Game\Common\Framework\Event\Messenger\GameFlowMessenger</Filter>
    </ClInclude>
    <ClInclude Include="Game\Common\Framework\Event\Messenger\GameFlowMessenger\GameFlowMessenger.h">
      <Filter>Game\Common\Framework\Event\Messenger\GameFlowMessenger</Filter>
    </ClInclude>
    <ClInclude Include="Game\Common\Framework\Event\Messenger\GameFlowMessenger\IGameFlowObserver.h">
      <Filter>Game\Common\Framework\Event\Messenger\GameFlowMessenger</Filter>
    </ClInclude>
    <ClInclude Include="Game\Common\Framework\Event\WireSystemObserver\IWireEventObserver.h">
      <Filter>Game\Common\Framework\Event\WireSystemObserver</Filter>
    </ClInclude>
    <ClInclude Include="Game\Common\Framework\Event\WireSystemObserver\WireEventData.h">
      <Filter>Game\Common\Framework\Event\WireSystemObserver</Filter>
    </ClInclude>
    <ClInclude Include="Game\Common\Framework\Event\WireSystemObserver\WireSystemSubject.h">
      <Filter>Game\Common\Framework\Event\WireSystemObserver</Filter>
    </ClInclude>
    <ClInclude Include="Game\Common\Framework\EventSystem\EventSystem.h">
      <Filter>Game\Common\Framework\EventSystem</Filter>
    </ClInclude>
    <ClInclude Include="Game\Common\Framework\EventSystem\EventData\EventData.h">
      <Filter>Game\Common\Framework\EventSystem\EventData</Filter>
    </ClInclude>
    <ClInclude Include="Game\Common\Framework\GameObjectManager\EnemyManager\EnemyManager.h">
      <Filter>Game\Common\Framework\GameObjectManager\EnemyManager</Filter>
    </ClInclude>
    <ClInclude Include="Game\Common\Framework\GameObjectRegistry\GameObjectRegistry.h">
      <Filter>Game\Common\Framework\GameObjectRigstry</Filter>
    </ClInclude>
    <ClInclude Include="Game\Common\Framework\Input\InputActionType\InputActionType.h">
      <Filter>Game\Common\Framework\Input</Filter>
    </ClInclude>
    <ClInclude Include="Game\Common\Framework\ResourceManager\ResourceManager.h">
      <Filter>Game\Common\Framework\ResourceManager</Filter>
    </ClInclude>
    <ClInclude Include="Game\Common\Framework\SoundManager\SoundManager.h">
      <Filter>Game\Common\Framework\SoundManager</Filter>
    </ClInclude>
    <ClInclude Include="Game\Common\Framework\StateMachine\StateMachine.h">
      <Filter>Game\Common\Framework\StateMachine</Filter>
    </ClInclude>
    <ClInclude Include="Game\Common\Framework\StateMachine\StateBase\StateBase.h">
      <Filter>Game\Common\Framework\StateMachine\StateBase</Filter>
    </ClInclude>
    <ClInclude Include="Game\Common\Framework\TaskManager\TaskManager.h">
      <Filter>Game\Common\Framework\TaskManager</Filter>
    </ClInclude>
    <ClInclude Include="Game\Common\GameplayLogic\Behaviour\SteeringBehavior\SteeringBehavior.h">
      <Filter>Game\Common\GameplayLogic\Behaviour</Filter>
    </ClInclude>
    <ClInclude Include="Game\Common\GameplayLogic\Behaviour\SteeringBehavior\SteeringParameters.h">
      <Filter>Game\Common\GameplayLogic\Behaviour</Filter>
    </ClInclude>
    <ClInclude Include="Game\Common\GameplayLogic\ExitController\ExitController.h">
      <Filter>Game\Common\GameplayLogic\ExitController</Filter>
    </ClInclude>
    <ClInclude Include="Game\Common\GameplayLogic\GameDirector\GameDirector.h">
      <Filter>Game\Common\GameplayLogic\GameDirector</Filter>
    </ClInclude>
    <ClInclude Include="Game\Common\GameplayLogic\GameProgressData\GameProgressData.h">
      <Filter>Game\Common\GameplayLogic\GameProgressData</Filter>
    </ClInclude>
    <ClInclude Include="Game\Common\GameplayLogic\ResultData\ResultData.h">
      <Filter>Game\Common\GameplayLogic\ResultData</Filter>
    </ClInclude>
    <ClInclude Include="Game\Common\GameplayLogic\SpawnManager\SpawnManager.h">
      <Filter>Game\Common\GameplayLogic\SpawnManager</Filter>
    </ClInclude>
    <ClInclude Include="Game\Common\GameplayLogic\StageManager\StageManager.h">
      <Filter>Game\Common\GameplayLogic\StageManager</Filter>
    </ClInclude>
    <ClInclude Include="Game\Common\GameplayLogic\WireTargetFinder\WireTargetFinder.h">
      <Filter>Game\Common\GameplayLogic\WireTargetFinder</Filter>
    </ClInclude>
    <ClInclude Include="Game\Common\Graphics\Camera\Camera.h">
      <Filter>Game\Common\Graphics\Camera</Filter>
    </ClInclude>
    <ClInclude Include="Game\Common\Graphics\Camera\MainCamera\MainCamera.h">
      <Filter>Game\Common\Graphics\Camera\MainCamera</Filter>
    </ClInclude>
    <ClInclude Include="Game\Common\Graphics\Camera\PlayerCamera\PlayerCamera.h">
      <Filter>Game\Common\Graphics\Camera\PlayerCamera</Filter>
    </ClInclude>
    <ClInclude Include="Game\Common\Graphics\GameEffect\GameEffectController.h">
      <Filter>Game\Common\Graphics\GameEffect</Filter>
    </ClInclude>
    <ClInclude Include="Game\Common\Graphics\GameEffect\GameEffectManager.h">
      <Filter>Game\Common\Graphics\GameEffect</Filter>
    </ClInclude>
    <ClInclude Include="Game\Common\Graphics\GameEffect\Effects\ConcentrationLines\ConcentrationLines.h">
      <Filter>Game\Common\Graphics\GameEffect\Effects\2D</Filter>
    </ClInclude>
    <ClInclude Include="Game\Common\Graphics\GameEffect\Base\GameEffectBase.h">
      <Filter>Game\Common\Graphics\GameEffect\Base</Filter>
    </ClInclude>
    <ClInclude Include="Game\Common\Graphics\GameEffect\Base\IGameEffect.h">
      <Filter>Game\Common\Graphics\GameEffect\Interface</Filter>
    </ClInclude>
    <ClInclude Include="Game\Common\Graphics\GameEffect\Effects\SimpleParticle\SimpleParticle.h">
      <Filter>Game\Common\Graphics\GameEffect\Effects\3D</Filter>
    </ClInclude>
    <ClInclude Include="Game\Common\Graphics\Line2D\Line2D.h">
      <Filter>Game\Common\Graphics\Line2D</Filter>
    </ClInclude>
    <ClInclude Include="Game\Common\Graphics\Shadow\CircularShadow\CircularShadow.h">
      <Filter>Game\Common\Graphics\Shadow\CircularShadow</Filter>
    </ClInclude>
    <ClInclude Include="Game\Common\Graphics\TransitionMask\TransitionMask.h">
      <Filter>Game\Common\Graphics\TransitionMask</Filter>
    </ClInclude>
    <ClInclude Include="Game\Common\Graphics\SimpleModel\SimpleModel.h">
      <Filter>Game\Common\Graphics\SimpleModel</Filter>
    </ClInclude>
    <ClInclude Include="Game\Common\Utillities\Collision\Collision.h">
      <Filter>Game\Common\Utillities\Collision</Filter>
    </ClInclude>
    <ClInclude Include="Game\Common\Utillities\Collision\ICollider.h">
      <Filter>Game\Common\Utillities\Collision</Filter>
    </ClInclude>
    <ClInclude Include="Game\Common\Utillities\Collision\ICollision.h">
      <Filter>Game\Common\Utillities\Collision</Filter>
    </ClInclude>
    <ClInclude Include="Game\Common\Utillities\ElapsedTimeCounter\ElapsedTimeCounter.h">
      <Filter>Game\Common\Utillities\ElapsedTimeCounter</Filter>
    </ClInclude>
    <ClInclude Include="Game\Common\Utillities\Helper\MovementHelper\MovementHelper.h">
      <Filter>Game\Common\Utillities\Helper\MovementHelper</Filter>
    </ClInclude>
    <ClInclude Include="Game\Common\Utillities\Helper\PhysicsHelper\PhysicsHelper.h">
      <Filter>Game\Common\Utillities\Helper\PhysicsHelper</Filter>
    </ClInclude>
    <ClInclude Include="Game\Common\Framework\GameObjectManager\BuildingManager\BuildingManager.h">
      <Filter>Game\Common\Framework\GameObjectManager\BuildingManager</Filter>
    </ClInclude>
    <ClInclude Include="Game\Common\Framework\GameObjectManager\CheckpointManager\CheckpointManager.h">
      <Filter>Game\Common\Framework\GameObjectManager\CheckpointManager</Filter>
    </ClInclude>
    <ClInclude Include="Game\Common\Framework\GameObjectManager\PlayerManager\PlayerManager.h">
      <Filter>Game\Common\Framework\GameObjectManager\PlayerManager</Filter>
    </ClInclude>
    <ClInclude Include="Game\Scene\SceneManager.h">
      <Filter>Game\Scene</Filter>
    </ClInclude>
    <ClInclude Include="Game\Common\Database\PhysicsParameter.h">
      <Filter>Game\Common\Database</Filter>
    </ClInclude>
    <ClInclude Include="Game\Common\Database\EnemyParameter.h">
      <Filter>Game\Common\Database</Filter>
    </ClInclude>
    <ClInclude Include="Game\Scene\GameplayScene\State\StartingGameplayState\StartingGameplayState.h">
      <Filter>Game\Scene\GameplayScene\State\Starting</Filter>
    </ClInclude>
    <ClInclude Include="Game\Common\Utillities\DxTween\DxTween.h">
      <Filter>Game\Common\Utillities\DxTween</Filter>
    </ClInclude>
    <ClInclude Include="Game\Common\UserInterfaceTool\InputDeviceSpriteResolver\InputDeviceSpriteResolver.h">
      <Filter>Game\Common\UserInterfaceTool\InputDeviceSpriteResolver</Filter>
    </ClInclude>
    <ClInclude Include="Game\Common\Framework\Input\InputActionMap\InputActionMap.h">
      <Filter>Game\Common\Framework\Input\InputActionMap</Filter>
    </ClInclude>
    <ClInclude Include="Game\UI\Gameplay\PauseGuideUI\PauseGuideUI.h">
      <Filter>Game\UI\Gameplay\PauseGuideUI</Filter>
    </ClInclude>
    <ClInclude Include="Game\Common\GameplayLogic\PauseNavigator\PauseNavigator.h">
      <Filter>Game\Common\GameplayLogic\PauseNavigator</Filter>
    </ClInclude>
    <ClInclude Include="Game\Common\Framework\Input\InputSystem\InputSystem.h">
      <Filter>Game\Common\Framework\Input\InputSystem</Filter>
    </ClInclude>
    <ClInclude Include="Game\Common\Utillities\Collision\ColliderDraw\ColliderDrawer.h">
      <Filter>Game\Common\Utillities\Collision\ColliderDraw</Filter>
    </ClInclude>
    <ClInclude Include="Game\Common\Framework\Collision\CollisionDispatcher\CollisionDispatcher.h">
      <Filter>Game\Common\Framework\Collision\CollisionDispatcher</Filter>
    </ClInclude>
    <ClInclude Include="Game\Common\Framework\Collision\CollisionManager\CollisionManager.h">
      <Filter>Game\Common\Framework\Collision\CollisionManager</Filter>
    </ClInclude>
    <ClInclude Include="Game\Common\Framework\Collision\CollisionMatrix\CollisionMatrix.h">
      <Filter>Game\Common\Framework\Collision\CollisionMatrix</Filter>
    </ClInclude>
    <ClInclude Include="Game\Common\Framework\Collision\CollisionManager\CollisionDetectionWorker\CollisionDetectionWorker.h">
      <Filter>Game\Common\Framework\Collision\CollisionManager\CollisionDetectionWorker</Filter>
    </ClInclude>
    <ClInclude Include="Game\Common\Framework\Collision\CollisionManager\CollisionTypes\CollisionTypes.h">
      <Filter>Game\Common\Framework\Collision\CollisionManager\CollisionTypes</Filter>
    </ClInclude>
  </ItemGroup>
  <ItemGroup>
    <ClCompile Include="pch.cpp" />
    <ClCompile Include="Main.cpp" />
    <ClCompile Include="Game\Game.cpp">
      <Filter>Game</Filter>
    </ClCompile>
    <ClCompile Include="Game\GameObjects\Common\GameObject.cpp">
      <Filter>Game\GameObjects\Common\GameObject</Filter>
    </ClCompile>
    <ClCompile Include="Game\GameObjects\Common\MovableObject\MovableObject.cpp">
      <Filter>Game\GameObjects\Common\MovableObject</Filter>
    </ClCompile>
    <ClCompile Include="Game\GameObjects\RopeObject\ParticleObject\ParticleObject.cpp">
      <Filter>Game\GameObjects\RopeObject\ParticleObject</Filter>
    </ClCompile>
    <ClCompile Include="Game\GameObjects\RopeObject\XPBDSimulator\SimParticle\SimParticle.cpp">
      <Filter>Game\GameObjects\RopeObject\XPBDSimulator\SimParticle</Filter>
    </ClCompile>
    <ClCompile Include="Game\GameObjects\RopeObject\RopeObject.cpp">
      <Filter>Game\GameObjects\RopeObject</Filter>
    </ClCompile>
    <ClCompile Include="Game\GameObjects\RopeObject\XPBDSimulator\XPBDSimulator.cpp">
      <Filter>Game\GameObjects\RopeObject\XPBDSimulator</Filter>
    </ClCompile>
    <ClCompile Include="Game\GameObjects\Floor\Floor.cpp">
      <Filter>Game\GameObjects\Floor</Filter>
    </ClCompile>
    <ClCompile Include="Game\GameObjects\Wall\Wall.cpp">
      <Filter>Game\GameObjects\Wall</Filter>
    </ClCompile>
    <ClCompile Include="Game\GameObjects\Player\Player.cpp">
      <Filter>Game\GameObjects\Player</Filter>
    </ClCompile>
    <ClCompile Include="Game\GameObjects\Player\PlayerController\PlayerController.cpp">
      <Filter>Game\GameObjects\Player\PlayerController</Filter>
    </ClCompile>
    <ClCompile Include="Game\GameObjects\Player\State\IdlePlayerState\IdlePlayerState.cpp">
      <Filter>Game\GameObjects\Player\State\Idle</Filter>
    </ClCompile>
    <ClCompile Include="Game\GameObjects\Player\State\WalkPlayerState\WalkPlayerState.cpp">
      <Filter>Game\GameObjects\Player\State\Walk</Filter>
    </ClCompile>
    <ClCompile Include="Game\GameObjects\Player\State\WireActionPlayerState\WireActionPlayerState.cpp">
      <Filter>Game\GameObjects\Player\State\WireAction</Filter>
    </ClCompile>
    <ClCompile Include="Game\GameObjects\StageObject\StageObject.cpp">
      <Filter>Game\GameObjects\StageObject</Filter>
    </ClCompile>
    <ClCompile Include="Game\GameObjects\StageObject\State\IdleStageObjectState.cpp">
      <Filter>Game\GameObjects\StageObject\state\Idle</Filter>
    </ClCompile>
    <ClCompile Include="Game\GameObjects\Player\State\WireGrabbingPlayerState\WireGrabbingPlayerState.cpp">
      <Filter>Game\GameObjects\Player\State\WireGrabbing</Filter>
    </ClCompile>
    <ClCompile Include="Game\GameObjects\Player\State\WireThrowing\WireThrowingPlayerState.cpp">
      <Filter>Game\GameObjects\Player\State\WireThrowing</Filter>
    </ClCompile>
    <ClCompile Include="Game\GameObjects\Wire\Wire.cpp">
      <Filter>Game\Wire</Filter>
    </ClCompile>
    <ClCompile Include="Game\GameObjects\StageObject\State\ThrownStageObjectState\ThrownObjectState.cpp">
      <Filter>Game\GameObjects\StageObject\state\Thrown</Filter>
    </ClCompile>
    <ClCompile Include="Game\GameObjects\RopeObject\XPBDSimulator\Constraint\IConstraint.cpp">
      <Filter>Game\GameObjects\RopeObject\XPBDSimulator\Constraint</Filter>
    </ClCompile>
    <ClCompile Include="Game\GameObjects\RopeObject\XPBDSimulator\Constraint\CollisionConstraint\CollisionConstraint.cpp">
      <Filter>Game\GameObjects\RopeObject\XPBDSimulator\Constraint\CollisionConstraint</Filter>
    </ClCompile>
    <ClCompile Include="Game\Common\Screen.cpp">
      <Filter>Game\Common</Filter>
    </ClCompile>
    <ClCompile Include="Game\GameObjects\Enemy\Enemy.cpp">
      <Filter>Game\GameObjects\Enemy</Filter>
    </ClCompile>
    <ClCompile Include="Game\GameObjects\Enemy\IEnemy.cpp">
      <Filter>Game\GameObjects\Enemy</Filter>
    </ClCompile>
    <ClCompile Include="Game\Scene\Loading\LoadingScreen.cpp">
      <Filter>Game\Scene\LoadingScreen</Filter>
    </ClCompile>
    <ClCompile Include="Library\MyLib\MathUtils\MathUtils.cpp">
      <Filter>Library\MyLib\MathUtils</Filter>
    </ClCompile>
    <ClCompile Include="Library\MyLib\Ray\Ray.cpp">
      <Filter>Library\MyLib\Ray</Filter>
    </ClCompile>
    <ClCompile Include="Game\GameObjects\Player\State\JumpingPlayerState\JumpingPlayerState.cpp">
      <Filter>Game\GameObjects\Player\State\Jumping</Filter>
    </ClCompile>
    <ClCompile Include="Game\GameObjects\Enemy\Behaviour\Update\TrackingEnemyBehaviour\TrackingEnemyBehaviour.cpp">
      <Filter>Game\GameObjects\Enemy\Behaviour\EnemyUpdateBehaviour\TrackingEnemyBehaviour</Filter>
    </ClCompile>
    <ClCompile Include="Game\GameObjects\Treasure\Treasure.cpp">
      <Filter>Game\GameObjects\Treasure</Filter>
    </ClCompile>
    <ClCompile Include="Game\Common\UserInterfaceTool\Canvas\Canvas.cpp">
      <Filter>Game\Common\UserInterfaceTool\Canvas</Filter>
    </ClCompile>
    <ClCompile Include="Game\Common\UserInterfaceTool\Sprite\Sprite.cpp">
      <Filter>Game\Common\UserInterfaceTool\Sprite</Filter>
    </ClCompile>
    <ClCompile Include="Game\Common\UserInterfaceTool\SpriteAnimator\SpriteAnimator.cpp">
      <Filter>Game\Common\UserInterfaceTool\SpriteAnimator</Filter>
    </ClCompile>
    <ClCompile Include="Game\Common\Factory\EnemyFactory\EnemyFactory.cpp">
      <Filter>Game\Common\Factory\EnemyFactory</Filter>
    </ClCompile>
    <ClCompile Include="Game\GameObjects\Prop\Base\IProp.cpp">
      <Filter>Game\GameObjects\Prop\Base</Filter>
    </ClCompile>
    <ClCompile Include="Game\GameObjects\Prop\Base\Prop.cpp">
      <Filter>Game\GameObjects\Prop\Base</Filter>
    </ClCompile>
    <ClCompile Include="Game\GameObjects\Prop\Building\Building.cpp">
      <Filter>Game\GameObjects\Prop\Buiding</Filter>
    </ClCompile>
    <ClCompile Include="Game\GameObjects\Helicopter\EscapeHelicopter\EscapeHelicopter.cpp">
      <Filter>Game\GameObjects\Helicopter\EscapeHelicopter</Filter>
    </ClCompile>
    <ClCompile Include="Game\Scene\ResultScene\ResultScene.cpp">
      <Filter>Game\Scene\ResultScene</Filter>
    </ClCompile>
    <ClCompile Include="Library\MyLib\DirectXMyToolKit\DirectXUtils.cpp">
      <Filter>Library\MyLib\DirectX\DirectXMyToolKit</Filter>
    </ClCompile>
    <ClCompile Include="Game\GameObjects\Player\State\SteppingPlayerState\SteppingPlayerState.cpp">
      <Filter>Game\GameObjects\Player\State\Step</Filter>
    </ClCompile>
    <ClCompile Include="Game\GameObjects\Enemy\Behaviour\Update\FlyingChaserEnemyBehaviour\FlyingChaserEnemyBehaviour.cpp">
      <Filter>Game\GameObjects\Enemy\Behaviour\EnemyUpdateBehaviour\FlyingChaserEnemyBehaviour</Filter>
    </ClCompile>
    <ClCompile Include="Library\DirectXFramework\Animation.cpp">
      <Filter>Library\DirectXFramework\Animation</Filter>
    </ClCompile>
    <ClCompile Include="Game\UI\Title\TitleMenu\TitleMenu.cpp">
      <Filter>Game\UI\Title\TitleMenu</Filter>
    </ClCompile>
    <ClCompile Include="Game\Scene\ResultScene\State\SuccessResultState\SuccessResultState.cpp">
      <Filter>Game\Scene\ResultScene\State\SuccessResultState</Filter>
    </ClCompile>
    <ClCompile Include="Game\Common\UserInterfaceTool\SpriteNumber\SpriteNumber.cpp">
      <Filter>Game\Common\UserInterfaceTool\SpriteNumber</Filter>
    </ClCompile>
    <ClCompile Include="Game\Common\UserInterfaceTool\TimeUI\TimeUI.cpp">
      <Filter>Game\Common\UserInterfaceTool\TimeUI</Filter>
    </ClCompile>
    <ClCompile Include="Game\Scene\ResultScene\State\FailureResultState\FailureResultState.cpp">
      <Filter>Game\Scene\ResultScene\State\FailureResultState</Filter>
    </ClCompile>
    <ClCompile Include="Game\Scene\GameplayScene\GameplayScene.cpp">
      <Filter>Game\Scene\GameplayScene</Filter>
    </ClCompile>
    <ClCompile Include="Game\Scene\GameplayScene\State\NormalGameplayState\NormalGameplayState.cpp">
      <Filter>Game\Scene\GameplayScene\State\Normal</Filter>
    </ClCompile>
    <ClCompile Include="Game\Scene\GameplayScene\State\PoseGameplayState\PauseGameplayState.cpp">
      <Filter>Game\Scene\GameplayScene\State\Pause</Filter>
    </ClCompile>
    <ClCompile Include="Game\UI\Pose\PoseMenu\PauseMenu.cpp">
      <Filter>Game\UI\Pause\PauseMenu</Filter>
    </ClCompile>
    <ClCompile Include="Game\UI\TutorialWindow\TutorialWindow.cpp">
      <Filter>Game\UI\Tutorial\TutorialWindow</Filter>
    </ClCompile>
    <ClCompile Include="Game\Scene\TitleScene\TitleScene.cpp">
      <Filter>Game\Scene\TitleScene</Filter>
    </ClCompile>
    <ClCompile Include="Library\ImGui\imgui.cpp">
      <Filter>Library\ImGui</Filter>
    </ClCompile>
    <ClCompile Include="Library\ImGui\imgui_demo.cpp">
      <Filter>Library\ImGui</Filter>
    </ClCompile>
    <ClCompile Include="Library\ImGui\imgui_draw.cpp">
      <Filter>Library\ImGui</Filter>
    </ClCompile>
    <ClCompile Include="Library\ImGui\imgui_tables.cpp">
      <Filter>Library\ImGui</Filter>
    </ClCompile>
    <ClCompile Include="Library\ImGui\imgui_widgets.cpp">
      <Filter>Library\ImGui</Filter>
    </ClCompile>
    <ClCompile Include="Library\ImGui\imgui_impl_dx11.cpp">
      <Filter>Library\ImGui</Filter>
    </ClCompile>
    <ClCompile Include="Library\ImGui\imgui_impl_win32.cpp">
      <Filter>Library\ImGui</Filter>
    </ClCompile>
    <ClCompile Include="Game\GameObjects\RopeObject\XPBDSimulator\Constraint\DistanceConstraint\DistanceConstraint.cpp">
      <Filter>Game\GameObjects\RopeObject\XPBDSimulator\Constraint\DistanceConstraint</Filter>
    </ClCompile>
    <ClCompile Include="Game\GameObjects\RopeObject\XPBDSimulator\Constraint\ConstraintFactory.cpp">
      <Filter>Game\GameObjects\RopeObject\XPBDSimulator\Constraint\Factory\Base</Filter>
    </ClCompile>
    <ClCompile Include="Game\GameObjects\RopeObject\XPBDSimulator\Constraint\DistanceConstraint\DistanceConstraintFactory.cpp">
      <Filter>Game\GameObjects\RopeObject\XPBDSimulator\Constraint\Factory</Filter>
    </ClCompile>
    <ClCompile Include="Game\GameObjects\RopeObject\XPBDSimulator\Constraint\CollisionConstraint\CollisionConstraintFactory.cpp">
      <Filter>Game\GameObjects\RopeObject\XPBDSimulator\Constraint\Factory</Filter>
    </ClCompile>
    <ClCompile Include="Game\GameObjects\Player\State\ShootingWireState\ShootingWirePlayerState.cpp">
      <Filter>Game\GameObjects\Player\State\ShootingWire</Filter>
    </ClCompile>
    <ClCompile Include="Library\DirectXFramework\RenderTexture.cpp">
      <Filter>Library\DirectXFramework\RenderTexture</Filter>
    </ClCompile>
    <ClCompile Include="Library\MyLib\DirectXMyToolKit\DepthStencil\DepthStencil.cpp">
      <Filter>Library\MyLib\DirectX\DirectXMyToolKit\DepthStencil</Filter>
    </ClCompile>
    <ClCompile Include="Game\GameObjects\Common\Transform\Transform.cpp">
      <Filter>Game\GameObjects\Common\Transform</Filter>
    </ClCompile>
    <ClCompile Include="Library\MyLib\DirectXMyToolKit\OffscreenRendering\OffscreenRendering.cpp">
      <Filter>Library\MyLib\DirectX\DirectXMyToolKit\OffscreenRendering</Filter>
    </ClCompile>
    <ClCompile Include="Library\DirectXFramework\DeviceResources.cpp">
      <Filter>Library\DirectXFramework\DeviceResources</Filter>
    </ClCompile>
    <ClCompile Include="Library\DirectXFramework\DebugDraw.cpp">
      <Filter>Library\DirectXFramework\DebugDraw</Filter>
    </ClCompile>
    <ClCompile Include="Library\MyLib\DirectXMyToolKit\DebugCamera\DebugCamera.cpp">
      <Filter>Library\MyLib\DirectX\DirectXMyToolKit\DebugCamera</Filter>
    </ClCompile>
    <ClCompile Include="Library\MyLib\DirectXMyToolKit\DebugFont\DebugFont.cpp">
      <Filter>Library\MyLib\DirectX\DirectXMyToolKit\DebugFont</Filter>
    </ClCompile>
    <ClCompile Include="Library\MyLib\DirectXMyToolKit\GridFloor\GridFloor.cpp">
      <Filter>Library\MyLib\DirectX\DirectXMyToolKit\GridFloor</Filter>
    </ClCompile>
    <ClCompile Include="Game\GameObjects\CheckPoint\Checkpoint.cpp">
      <Filter>Game\GameObjects\Checkpoint</Filter>
    </ClCompile>
    <ClCompile Include="Game\GameObjects\CheckPoint\CheckpointObject\CheckpointObject.cpp">
      <Filter>Game\GameObjects\Checkpoint\CheckpointObject</Filter>
    </ClCompile>
    <ClCompile Include="Game\Common\Factory\BuildingFactory\BuildingFactory.cpp">
      <Filter>Game\Common\Factory\BuildingFactory</Filter>
    </ClCompile>
    <ClCompile Include="Game\Common\Factory\PlayerFactory\PlayerFactory.cpp">
      <Filter>Game\Common\Factory\PlayerFactory</Filter>
    </ClCompile>
    <ClCompile Include="Library\MyLib\NlohmannUtils\NlohmannUtils.cpp">
      <Filter>Library\MyLib\NlohmannUtils</Filter>
    </ClCompile>
    <ClCompile Include="Game\Common\Minimap\Minimap.cpp">
      <Filter>Game\Common\Minimap</Filter>
    </ClCompile>
    <ClCompile Include="Game\GameObjects\RopeObject\XPBDSimulator\Constraint\SteeringConstraint\SteeringConstraint.cpp">
      <Filter>Game\GameObjects\RopeObject\XPBDSimulator\Constraint\SteeringConstraint</Filter>
    </ClCompile>
    <ClCompile Include="Game\GameObjects\RopeObject\XPBDSimulator\Constraint\SteeringConstraint\SteeringConstraintFactory.cpp">
      <Filter>Game\GameObjects\RopeObject\XPBDSimulator\Constraint\Factory</Filter>
    </ClCompile>
    <ClCompile Include="Game\Common\Factory\CollisionMatrixFactory\CollisionMatrixFactory.cpp">
      <Filter>Game\Common\Factory\CollisionMatrixFactory</Filter>
    </ClCompile>
    <ClCompile Include="Game\Common\Factory\InputBindingFactory\InputBindingFactory.cpp">
      <Filter>Game\Common\Factory\InputFactory</Filter>
    </ClCompile>
    <ClCompile Include="Game\Common\Framework\CommonResources\CommonResources.cpp">
      <Filter>Game\Common\Framework\CommonResources</Filter>
    </ClCompile>
    <ClCompile Include="Game\Common\Framework\Event\Messenger\GameFlowMessenger\GameFlowMessenger.cpp">
      <Filter>Game\Common\Framework\Event\Messenger\GameFlowMessenger</Filter>
    </ClCompile>
    <ClCompile Include="Game\Common\Framework\Event\WireSystemObserver\WireSystemSubject.cpp">
      <Filter>Game\Common\Framework\Event\WireSystemObserver</Filter>
    </ClCompile>
    <ClCompile Include="Game\Common\Framework\EventSystem\EventSystem.cpp">
      <Filter>Game\Common\Framework\EventSystem</Filter>
    </ClCompile>
    <ClCompile Include="Game\Common\Framework\EventSystem\EventData\EventData.cpp">
      <Filter>Game\Common\Framework\EventSystem\EventData</Filter>
    </ClCompile>
    <ClCompile Include="Game\Common\Framework\GameObjectManager\EnemyManager\EnemyManager.cpp">
      <Filter>Game\Common\Framework\GameObjectManager\EnemyManager</Filter>
    </ClCompile>
    <ClCompile Include="Game\Common\Framework\GameObjectRegistry\GameObjectRegistry.cpp">
      <Filter>Game\Common\Framework\GameObjectRigstry</Filter>
    </ClCompile>
    <ClCompile Include="Game\Common\Framework\Input\InputActionType\InputActionType.cpp">
      <Filter>Game\Common\Framework\Input</Filter>
    </ClCompile>
    <ClCompile Include="Game\Common\Framework\ResourceManager\ResourceManager.cpp">
      <Filter>Game\Common\Framework\ResourceManager</Filter>
    </ClCompile>
    <ClCompile Include="Game\Common\Framework\SoundManager\SoundManager.cpp">
      <Filter>Game\Common\Framework\SoundManager</Filter>
    </ClCompile>
    <ClCompile Include="Game\Common\Framework\StateMachine\StateMachine.cpp">
      <Filter>Game\Common\Framework\StateMachine</Filter>
    </ClCompile>
    <ClCompile Include="Game\Common\Framework\StateMachine\StateBase\StateBase.cpp">
      <Filter>Game\Common\Framework\StateMachine\StateBase</Filter>
    </ClCompile>
    <ClCompile Include="Game\Common\Framework\TaskManager\TaskManager.cpp">
      <Filter>Game\Common\Framework\TaskManager</Filter>
    </ClCompile>
    <ClCompile Include="Game\Common\GameplayLogic\Behaviour\SteeringBehavior\SteeringBehavior.cpp">
      <Filter>Game\Common\GameplayLogic\Behaviour</Filter>
    </ClCompile>
    <ClCompile Include="Game\Common\GameplayLogic\Behaviour\SteeringBehavior\SteeringParameters.cpp">
      <Filter>Game\Common\GameplayLogic\Behaviour</Filter>
    </ClCompile>
    <ClCompile Include="Game\Common\GameplayLogic\ExitController\ExitController.cpp">
      <Filter>Game\Common\GameplayLogic\ExitController</Filter>
    </ClCompile>
    <ClCompile Include="Game\Common\GameplayLogic\GameDirector\GameDirector.cpp">
      <Filter>Game\Common\GameplayLogic\GameDirector</Filter>
    </ClCompile>
    <ClCompile Include="Game\Common\GameplayLogic\ResultData\ResultData.cpp">
      <Filter>Game\Common\GameplayLogic\ResultData</Filter>
    </ClCompile>
    <ClCompile Include="Game\Common\GameplayLogic\SpawnManager\SpawnManager.cpp">
      <Filter>Game\Common\GameplayLogic\SpawnManager</Filter>
    </ClCompile>
    <ClCompile Include="Game\Common\GameplayLogic\StageManager\StageManager.cpp">
      <Filter>Game\Common\GameplayLogic\StageManager</Filter>
    </ClCompile>
    <ClCompile Include="Game\Common\GameplayLogic\WireTargetFinder\WireTargetFinder.cpp">
      <Filter>Game\Common\GameplayLogic\WireTargetFinder</Filter>
    </ClCompile>
    <ClCompile Include="Game\Common\Graphics\Camera\Camera.cpp">
      <Filter>Game\Common\Graphics\Camera</Filter>
    </ClCompile>
    <ClCompile Include="Game\Common\Graphics\Camera\MainCamera\MainCamera.cpp">
      <Filter>Game\Common\Graphics\Camera\MainCamera</Filter>
    </ClCompile>
    <ClCompile Include="Game\Common\Graphics\Camera\PlayerCamera\PlayerCamera.cpp">
      <Filter>Game\Common\Graphics\Camera\PlayerCamera</Filter>
    </ClCompile>
    <ClCompile Include="Game\Common\Graphics\GameEffect\GameEffectController.cpp">
      <Filter>Game\Common\Graphics\GameEffect</Filter>
    </ClCompile>
    <ClCompile Include="Game\Common\Graphics\GameEffect\GameEffectManager.cpp">
      <Filter>Game\Common\Graphics\GameEffect</Filter>
    </ClCompile>
    <ClCompile Include="Game\Common\Graphics\GameEffect\Effects\ConcentrationLines\ConcentrationLines.cpp">
      <Filter>Game\Common\Graphics\GameEffect\Effects\2D</Filter>
    </ClCompile>
    <ClCompile Include="Game\Common\Graphics\GameEffect\Base\GameEffectBase.cpp">
      <Filter>Game\Common\Graphics\GameEffect\Base</Filter>
    </ClCompile>
    <ClCompile Include="Game\Common\Graphics\GameEffect\Base\IGameEffect.cpp">
      <Filter>Game\Common\Graphics\GameEffect\Interface</Filter>
    </ClCompile>
    <ClCompile Include="Game\Common\Graphics\GameEffect\Effects\SimpleParticle\SimpleParticle.cpp">
      <Filter>Game\Common\Graphics\GameEffect\Effects\3D</Filter>
    </ClCompile>
    <ClCompile Include="Game\Common\Graphics\Line2D\Line2D.cpp">
      <Filter>Game\Common\Graphics\Line2D</Filter>
    </ClCompile>
    <ClCompile Include="Game\Common\Graphics\Shadow\CircularShadow\CircularShadow.cpp">
      <Filter>Game\Common\Graphics\Shadow\CircularShadow</Filter>
    </ClCompile>
    <ClCompile Include="Game\Common\Graphics\TransitionMask\TransitionMask.cpp">
      <Filter>Game\Common\Graphics\TransitionMask</Filter>
    </ClCompile>
    <ClCompile Include="Game\Common\Graphics\SimpleModel\SimpleModel.cpp">
      <Filter>Game\Common\Graphics\SimpleModel</Filter>
    </ClCompile>
    <ClCompile Include="Game\Common\Utillities\Collision\Collision.cpp">
      <Filter>Game\Common\Utillities\Collision</Filter>
    </ClCompile>
    <ClCompile Include="Game\Common\Utillities\ElapsedTimeCounter\ElapsedTimeCounter.cpp">
      <Filter>Game\Common\Utillities\ElapsedTimeCounter</Filter>
    </ClCompile>
    <ClCompile Include="Game\Common\Utillities\Helper\MovementHelper\MovementHelper.cpp">
      <Filter>Game\Common\Utillities\Helper\MovementHelper</Filter>
    </ClCompile>
    <ClCompile Include="Game\Common\Utillities\Helper\PhysicsHelper\PhysicsHelper.cpp">
      <Filter>Game\Common\Utillities\Helper\PhysicsHelper</Filter>
    </ClCompile>
    <ClCompile Include="Game\Common\Framework\GameObjectManager\BuildingManager\BuildingManager.cpp">
      <Filter>Game\Common\Framework\GameObjectManager\BuildingManager</Filter>
    </ClCompile>
    <ClCompile Include="Game\Common\Framework\GameObjectManager\CheckpointManager\CheckpointManager.cpp">
      <Filter>Game\Common\Framework\GameObjectManager\CheckpointManager</Filter>
    </ClCompile>
    <ClCompile Include="Game\Common\Framework\GameObjectManager\PlayerManager\PlayerManager.cpp">
      <Filter>Game\Common\Framework\GameObjectManager\PlayerManager</Filter>
    </ClCompile>
    <ClCompile Include="Game\Scene\GameplayScene\State\StartingGameplayState\StartingGameplayState.cpp">
      <Filter>Game\Scene\GameplayScene\State\Starting</Filter>
    </ClCompile>
    <ClCompile Include="Game\Common\UserInterfaceTool\InputDeviceSpriteResolver\InputDeviceSpriteResolver.cpp">
      <Filter>Game\Common\UserInterfaceTool\InputDeviceSpriteResolver</Filter>
    </ClCompile>
    <ClCompile Include="Game\Common\Framework\Input\InputActionMap\InputActionMap.cpp">
      <Filter>Game\Common\Framework\Input\InputActionMap</Filter>
    </ClCompile>
    <ClCompile Include="Game\UI\Gameplay\PauseGuideUI\PauseGuideUI.cpp">
      <Filter>Game\UI\Gameplay\PauseGuideUI</Filter>
    </ClCompile>
    <ClCompile Include="Game\Common\GameplayLogic\PauseNavigator\PauseNavigator.cpp">
      <Filter>Game\Common\GameplayLogic\PauseNavigator</Filter>
    </ClCompile>
    <ClCompile Include="Game\Common\Framework\Input\InputSystem\InputSystem.cpp">
      <Filter>Game\Common\Framework\Input\InputSystem</Filter>
    </ClCompile>
    <ClCompile Include="Game\Common\GameplayLogic\GameProgressData\GameProgressData.cpp">
      <Filter>Game\Common\GameplayLogic\GameProgressData</Filter>
    </ClCompile>
    <ClCompile Include="Game\Common\Utillities\Collision\ColliderDraw\ColliderDrawer.cpp">
      <Filter>Game\Common\Utillities\Collision\ColliderDraw</Filter>
    </ClCompile>
    <ClCompile Include="Game\Common\Framework\Collision\CollisionDispatcher\CollisionDispatcher.cpp">
      <Filter>Game\Common\Framework\Collision\CollisionDispatcher</Filter>
    </ClCompile>
    <ClCompile Include="Game\Common\Framework\Collision\CollisionManager\CollisionManager.cpp">
      <Filter>Game\Common\Framework\Collision\CollisionManager</Filter>
    </ClCompile>
    <ClCompile Include="Game\Common\Framework\Collision\CollisionMatrix\CollisionMatrix.cpp">
      <Filter>Game\Common\Framework\Collision\CollisionMatrix</Filter>
    </ClCompile>
    <ClCompile Include="Game\Common\Framework\Collision\CollisionManager\CollisionDetectionWorker\CollisionDetectionWorker.cpp">
      <Filter>Game\Common\Framework\Collision\CollisionManager\CollisionDetectionWorker</Filter>
    </ClCompile>
  </ItemGroup>
  <ItemGroup>
    <ResourceCompile Include="resource.rc" />
  </ItemGroup>
  <ItemGroup>
    <Image Include="directx.ico">
      <Filter>Assets</Filter>
    </Image>
  </ItemGroup>
  <ItemGroup>
    <Manifest Include="settings.manifest">
      <Filter>Assets</Filter>
    </Manifest>
  </ItemGroup>
  <ItemGroup>
    <None Include="packages.config" />
    <None Include="Shaders\CircleShadow.hlsli">
      <Filter>Resources\Shaders\CircleShadow</Filter>
    </None>
    <None Include="Shaders\SimpleParticle\SimpleParticle.hlsli">
      <Filter>Resources\Shaders\SimpleParticle</Filter>
    </None>
    <None Include="Shaders\SimpleShape2D\SimpleShape2D.hlsli">
      <Filter>Resources\Shaders\SimpleShape2D</Filter>
    </None>
    <None Include="Shaders\MinimapInstansing\SimpleShape2DInstansing.hlsli" />
    <None Include="Shaders\ConcentrationLines\ConcentrationLines.hlsli">
      <Filter>Resources\Shaders\ConcentrationLines</Filter>
    </None>
  </ItemGroup>
  <ItemGroup>
    <FxCompile Include="Shaders\CircleShadow_GS.hlsl">
      <Filter>Resources\Shaders\CircleShadow</Filter>
    </FxCompile>
    <FxCompile Include="Shaders\CircleShadow_PS.hlsl">
      <Filter>Resources\Shaders\CircleShadow</Filter>
    </FxCompile>
    <FxCompile Include="Shaders\CircleShadow_VS.hlsl">
      <Filter>Resources\Shaders\CircleShadow</Filter>
    </FxCompile>
    <FxCompile Include="Shaders\SimpleParticle\SimpleParticle_GS.hlsl">
      <Filter>Resources\Shaders\SimpleParticle</Filter>
    </FxCompile>
    <FxCompile Include="Shaders\SimpleParticle\SimpleParticle_PS.hlsl">
      <Filter>Resources\Shaders\SimpleParticle</Filter>
    </FxCompile>
    <FxCompile Include="Shaders\SimpleParticle\SimpleParticle_VS.hlsl">
      <Filter>Resources\Shaders\SimpleParticle</Filter>
    </FxCompile>
    <FxCompile Include="Shaders\SimpleShape2D\SimpleShape2D_GS.hlsl">
      <Filter>Resources\Shaders\SimpleShape2D</Filter>
    </FxCompile>
    <FxCompile Include="Shaders\SimpleShape2D\SimpleShape2D_VS.hlsl">
      <Filter>Resources\Shaders\SimpleShape2D</Filter>
    </FxCompile>
    <FxCompile Include="Shaders\SimpleShape2D\SimpleCircle\SimpleCircle_PS.hlsl">
      <Filter>Resources\Shaders\SimpleShape2D\SimpleCircle</Filter>
    </FxCompile>
    <FxCompile Include="Shaders\SimpleShape2D\SimpleRectangle\SimpleRectangle_PS.hlsl">
      <Filter>Resources\Shaders\SimpleShape2D\SimpleRectangle</Filter>
    </FxCompile>
    <FxCompile Include="Shaders\FrustumCulling\FrustumCullingCS.hlsl">
      <Filter>Resources\Shaders\FrustumCulling</Filter>
    </FxCompile>
    <FxCompile Include="Shaders\SceneFade\PS_Fade.hlsl">
      <Filter>Resources\Shaders\SceneFade</Filter>
    </FxCompile>
    <FxCompile Include="Shaders\Minimap\Minimap_PS.hlsl">
      <Filter>Resources\Shaders\Minimap</Filter>
    </FxCompile>
    <FxCompile Include="Shaders\SimpleShape2D\SimpleTriangle\SimpleTriangle_PS.hlsl">
      <Filter>Resources\Shaders\SimpleShape2D\SimpleTriangle</Filter>
    </FxCompile>
    <FxCompile Include="Shaders\MinimapInstansing\SimpleRectangle\SimpleRectangleInstansing_PS.hlsl" />
    <FxCompile Include="Shaders\MinimapInstansing\SimpleShape2DInstansing_GS.hlsl" />
    <FxCompile Include="Shaders\MinimapInstansing\SimpleShape2DInstansing_VS.hlsl" />
    <FxCompile Include="Shaders\ConcentrationLines\ConcentrationLines_GS.hlsl">
      <Filter>Resources\Shaders\ConcentrationLines</Filter>
    </FxCompile>
    <FxCompile Include="Shaders\ConcentrationLines\ConcentrationLines_PS.hlsl">
      <Filter>Resources\Shaders\ConcentrationLines</Filter>
    </FxCompile>
    <FxCompile Include="Shaders\ConcentrationLines\ConcentrationLines_VS.hlsl">
      <Filter>Resources\Shaders\ConcentrationLines</Filter>
    </FxCompile>
  </ItemGroup>
</Project>